schema: '2.0'
stages:
  gen@twist:
    cmd: python src/gen.py --deform twist --output data/twist/input.vtu
    deps:
    - path: src/gen.py
      hash: md5
      md5: 6c89833ce0a5f0d39d0c6ba03f182af7
      size: 1958
    outs:
    - path: data/twist/input.vtu
      hash: md5
      md5: cb2a6a4157811dc1931183b89e245c98
      size: 96437
  gen@squash:
    cmd: python src/gen.py --deform squash --output data/squash/input.vtu
    deps:
    - path: src/gen.py
      hash: md5
      md5: 6c89833ce0a5f0d39d0c6ba03f182af7
      size: 1958
    outs:
    - path: data/squash/input.vtu
      hash: md5
      md5: 7af57029a480d4ca1e7a077a956a3d07
      size: 154419
  gen@stretch:
    cmd: python src/gen.py --deform stretch --output data/stretch/input.vtu
    deps:
    - path: src/gen.py
      hash: md5
      md5: 6c89833ce0a5f0d39d0c6ba03f182af7
      size: 1958
    outs:
    - path: data/stretch/input.vtu
      hash: md5
      md5: a36f70e1b5409d28e98de9bf90624230
      size: 149764
  solve@twist-linear:
    cmd: python src/solve.py --input data/twist/input.vtu --material linear --output
      data/twist/linear.vtu
    deps:
    - path: data/twist/input.vtu
      hash: md5
      md5: cb2a6a4157811dc1931183b89e245c98
      size: 96437
    - path: src/solve.py
      hash: md5
      md5: b17a80bb04391da931e8cac77dc322eb
      size: 1123
    outs:
    - path: data/twist/linear.vtu
      hash: md5
      md5: d675b5fc7880f7e42afc2ec2052f12a5
      size: 217315
  solve@stretch-linear:
    cmd: python src/solve.py --input data/stretch/input.vtu --material linear --output
      data/stretch/linear.vtu
    deps:
    - path: data/stretch/input.vtu
      hash: md5
      md5: a36f70e1b5409d28e98de9bf90624230
      size: 149764
    - path: src/solve.py
      hash: md5
      md5: b17a80bb04391da931e8cac77dc322eb
      size: 1123
    outs:
    - path: data/stretch/linear.vtu
      hash: md5
      md5: 79e7bab75bc145db93ebdd3aee705fff
      size: 315550
  solve@squash-linear:
    cmd: python src/solve.py --input data/squash/input.vtu --material linear --output
      data/squash/linear.vtu
    deps:
    - path: data/squash/input.vtu
      hash: md5
      md5: 7af57029a480d4ca1e7a077a956a3d07
      size: 154419
    - path: src/solve.py
      hash: md5
      md5: b17a80bb04391da931e8cac77dc322eb
      size: 1123
    outs:
    - path: data/squash/linear.vtu
      hash: md5
      md5: 7fd46347ed167d63d271527e20e63aa2
      size: 324422
  solve@twist-stable-neo-hookean:
    cmd: python src/solve.py --input data/twist/input.vtu --material stable-neo-hookean
      --output data/twist/stable-neo-hookean.vtu
    deps:
    - path: data/twist/input.vtu
      hash: md5
      md5: cb2a6a4157811dc1931183b89e245c98
      size: 96437
    - path: src/solve.py
      hash: md5
      md5: b17a80bb04391da931e8cac77dc322eb
      size: 1123
    outs:
    - path: data/twist/stable-neo-hookean.vtu
      hash: md5
      md5: de9d69530594f485132278817fa4d56d
      size: 214647
  solve@twist-neo-hookean:
    cmd: python src/solve.py --input data/twist/input.vtu --material neo-hookean --output
      data/twist/neo-hookean.vtu
    deps:
    - path: data/twist/input.vtu
      hash: md5
      md5: cb2a6a4157811dc1931183b89e245c98
      size: 96437
    - path: src/solve.py
      hash: md5
      md5: b17a80bb04391da931e8cac77dc322eb
      size: 1123
    outs:
    - path: data/twist/neo-hookean.vtu
      hash: md5
      md5: 0daeee44d181d4af75c3cf0328c3c6ea
      size: 214645
  solve@stretch-st-venant-kirchhoff:
    cmd: python src/solve.py --input data/stretch/input.vtu --material st-venant-kirchhoff
      --output data/stretch/st-venant-kirchhoff.vtu
    deps:
    - path: data/stretch/input.vtu
      hash: md5
      md5: a36f70e1b5409d28e98de9bf90624230
      size: 149764
    - path: src/solve.py
      hash: md5
      md5: b17a80bb04391da931e8cac77dc322eb
      size: 1123
    outs:
    - path: data/stretch/st-venant-kirchhoff.vtu
      hash: md5
      md5: b955199346d4e9fe710d46528bbd586e
      size: 314555
  solve@squash-st-venant-kirchhoff:
    cmd: python src/solve.py --input data/squash/input.vtu --material st-venant-kirchhoff
      --output data/squash/st-venant-kirchhoff.vtu
    deps:
    - path: data/squash/input.vtu
      hash: md5
      md5: 7af57029a480d4ca1e7a077a956a3d07
      size: 154419
    - path: src/solve.py
      hash: md5
      md5: b17a80bb04391da931e8cac77dc322eb
      size: 1123
    outs:
    - path: data/squash/st-venant-kirchhoff.vtu
      hash: md5
      md5: 3c73f2bb7e56fb42063cca33565ab606
      size: 325317
  solve@squash-stable-neo-hookean:
    cmd: python src/solve.py --input data/squash/input.vtu --material stable-neo-hookean
      --output data/squash/stable-neo-hookean.vtu
    deps:
    - path: data/squash/input.vtu
      hash: md5
      md5: 7af57029a480d4ca1e7a077a956a3d07
      size: 154419
    - path: src/solve.py
      hash: md5
      md5: b17a80bb04391da931e8cac77dc322eb
      size: 1123
    outs:
    - path: data/squash/stable-neo-hookean.vtu
      hash: md5
      md5: 7e172a4bedb8efbe5e54b8f7b59f35ad
      size: 324178
  solve@stretch-corotated:
    cmd: python src/solve.py --input data/stretch/input.vtu --material corotated --output
      data/stretch/corotated.vtu
    deps:
    - path: data/stretch/input.vtu
      hash: md5
      md5: a36f70e1b5409d28e98de9bf90624230
      size: 149764
    - path: src/solve.py
      hash: md5
      md5: b17a80bb04391da931e8cac77dc322eb
      size: 1123
    outs:
    - path: data/stretch/corotated.vtu
      hash: md5
      md5: 94c376f956f01f6c586c8f55704ede44
      size: 316278
  solve@squash-corotated:
    cmd: python src/solve.py --input data/squash/input.vtu --material corotated --output
      data/squash/corotated.vtu
    deps:
    - path: data/squash/input.vtu
      hash: md5
      md5: 7af57029a480d4ca1e7a077a956a3d07
      size: 154419
    - path: src/solve.py
      hash: md5
      md5: b17a80bb04391da931e8cac77dc322eb
      size: 1123
    outs:
    - path: data/squash/corotated.vtu
      hash: md5
      md5: 42e7b03c6287c193b4077597a5577db7
      size: 325297
  solve@squash-neo-hookean:
    cmd: python src/solve.py --input data/squash/input.vtu --material neo-hookean
      --output data/squash/neo-hookean.vtu
    deps:
    - path: data/squash/input.vtu
      hash: md5
      md5: 7af57029a480d4ca1e7a077a956a3d07
      size: 154419
    - path: src/solve.py
      hash: md5
      md5: b17a80bb04391da931e8cac77dc322eb
      size: 1123
    outs:
    - path: data/squash/neo-hookean.vtu
      hash: md5
      md5: a6019a453cbeb1b2598259edc139f430
      size: 324178
  solve@stretch-stable-neo-hookean:
    cmd: python src/solve.py --input data/stretch/input.vtu --material stable-neo-hookean
      --output data/stretch/stable-neo-hookean.vtu
    deps:
    - path: data/stretch/input.vtu
      hash: md5
      md5: a36f70e1b5409d28e98de9bf90624230
      size: 149764
    - path: src/solve.py
      hash: md5
      md5: b17a80bb04391da931e8cac77dc322eb
      size: 1123
    outs:
    - path: data/stretch/stable-neo-hookean.vtu
      hash: md5
      md5: 97540fbfb640e0687eda451c9cf2802b
      size: 314368
  solve@twist-st-venant-kirchhoff:
    cmd: python src/solve.py --input data/twist/input.vtu --material st-venant-kirchhoff
      --output data/twist/st-venant-kirchhoff.vtu
    deps:
    - path: data/twist/input.vtu
      hash: md5
      md5: cb2a6a4157811dc1931183b89e245c98
      size: 96437
    - path: src/solve.py
      hash: md5
      md5: b17a80bb04391da931e8cac77dc322eb
      size: 1123
    outs:
    - path: data/twist/st-venant-kirchhoff.vtu
      hash: md5
      md5: 88d90cb12b5dee3106aa4d327c8e3a0c
      size: 217263
  solve@stretch-neo-hookean:
    cmd: python src/solve.py --input data/stretch/input.vtu --material neo-hookean
      --output data/stretch/neo-hookean.vtu
    deps:
    - path: data/stretch/input.vtu
      hash: md5
      md5: a36f70e1b5409d28e98de9bf90624230
      size: 149764
    - path: src/solve.py
      hash: md5
      md5: b17a80bb04391da931e8cac77dc322eb
      size: 1123
    outs:
    - path: data/stretch/neo-hookean.vtu
      hash: md5
      md5: 51e8072ad8c0366f997c6ab71cd80db9
      size: 314368
  solve@twist-corotated:
    cmd: python src/solve.py --input data/twist/input.vtu --material corotated --output
      data/twist/corotated.vtu
    deps:
    - path: data/twist/input.vtu
      hash: md5
      md5: cb2a6a4157811dc1931183b89e245c98
      size: 96437
    - path: src/solve.py
      hash: md5
      md5: b17a80bb04391da931e8cac77dc322eb
      size: 1123
    outs:
    - path: data/twist/corotated.vtu
      hash: md5
      md5: 2d59e52087258e1666a50706592774b7
      size: 217679
  plot/camera@stretch:
    cmd: python src/plot/camera.py --input data/stretch/ --camera plot/stretch/camera.json
    deps:
    - path: data/stretch/
      hash: md5
      md5: 000196092f1e7b756cdc56174e4e516b.dir
      size: 1724883
      nfiles: 6
    - path: src/plot/camera.py
      hash: md5
      md5: 0d29062e9cf3a3aa20efeb6d4ca10a5c
      size: 616
    outs:
    - path: plot/stretch/camera.json
      hash: md5
      md5: 7662da05fc39ac606ab260f4a53c7cca
      size: 263
  plot/camera@twist:
    cmd: python src/plot/camera.py --input data/twist/ --camera plot/twist/camera.json
    deps:
    - path: data/twist/
      hash: md5
      md5: da2910a5e6eeb210a4307e3cfb7af3e2.dir
      size: 1177986
      nfiles: 6
    - path: src/plot/camera.py
      hash: md5
      md5: 0d29062e9cf3a3aa20efeb6d4ca10a5c
      size: 616
    outs:
    - path: plot/twist/camera.json
      hash: md5
      md5: 9f3b8bb3b5380f5d4ac613061aea2975
      size: 275
  plot/camera@squash:
    cmd: python src/plot/camera.py --input data/squash/ --camera plot/squash/camera.json
    deps:
    - path: data/squash/
      hash: md5
      md5: 982d12d7adc837edb48bf17b8363f33f.dir
      size: 1777811
      nfiles: 6
    - path: src/plot/camera.py
      hash: md5
      md5: 0d29062e9cf3a3aa20efeb6d4ca10a5c
      size: 616
    outs:
    - path: plot/squash/camera.json
      hash: md5
      md5: 19e71420598c9f5f685df4244d326a6b
      size: 258
  plot/solution@stretch-st-venant-kirchhoff:
    cmd: python src/plot/solution.py --camera plot/stretch/camera.json --fig plot/stretch/st-venant-kirchhoff.svg
      --solution data/stretch/st-venant-kirchhoff.vtu
    deps:
    - path: data/stretch/st-venant-kirchhoff.vtu
      hash: md5
      md5: b955199346d4e9fe710d46528bbd586e
      size: 314555
    - path: plot/stretch/camera.json
      hash: md5
      md5: 7662da05fc39ac606ab260f4a53c7cca
      size: 263
    - path: src/plot/solution.py
      hash: md5
      md5: 9712a73259ae01e2a6f385ee23bd48f2
      size: 1176
    outs:
    - path: plot/stretch/st-venant-kirchhoff.svg
      hash: md5
      md5: 0c3a53f6cb4028cd46825f60aaf4b094
      size: 146657
  plot/solution@twist-neo-hookean:
    cmd: python src/plot/solution.py --camera plot/twist/camera.json --fig plot/twist/neo-hookean.svg
      --solution data/twist/neo-hookean.vtu
    deps:
    - path: data/twist/neo-hookean.vtu
      hash: md5
      md5: 0daeee44d181d4af75c3cf0328c3c6ea
      size: 214645
    - path: plot/twist/camera.json
      hash: md5
      md5: 9f3b8bb3b5380f5d4ac613061aea2975
      size: 275
    - path: src/plot/solution.py
      hash: md5
      md5: 9712a73259ae01e2a6f385ee23bd48f2
      size: 1176
    outs:
    - path: plot/twist/neo-hookean.svg
      hash: md5
      md5: e9f03e61b053bc22aaa1a1b672664d15
      size: 117286
  plot/solution@squash-st-venant-kirchhoff:
    cmd: python src/plot/solution.py --camera plot/squash/camera.json --fig plot/squash/st-venant-kirchhoff.svg
      --solution data/squash/st-venant-kirchhoff.vtu
    deps:
    - path: data/squash/st-venant-kirchhoff.vtu
      hash: md5
      md5: 3c73f2bb7e56fb42063cca33565ab606
      size: 325317
    - path: plot/squash/camera.json
      hash: md5
      md5: 19e71420598c9f5f685df4244d326a6b
      size: 258
    - path: src/plot/solution.py
      hash: md5
      md5: 9712a73259ae01e2a6f385ee23bd48f2
      size: 1176
    outs:
    - path: plot/squash/st-venant-kirchhoff.svg
      hash: md5
      md5: a855f2b6b7a5454d0ec16ad64ccb068c
      size: 80776
  plot/solution@squash-neo-hookean:
    cmd: python src/plot/solution.py --camera plot/squash/camera.json --fig plot/squash/neo-hookean.svg
      --solution data/squash/neo-hookean.vtu
    deps:
    - path: data/squash/neo-hookean.vtu
      hash: md5
      md5: a6019a453cbeb1b2598259edc139f430
      size: 324178
    - path: plot/squash/camera.json
      hash: md5
      md5: 19e71420598c9f5f685df4244d326a6b
      size: 258
    - path: src/plot/solution.py
      hash: md5
      md5: 9712a73259ae01e2a6f385ee23bd48f2
      size: 1176
    outs:
    - path: plot/squash/neo-hookean.svg
      hash: md5
      md5: 21591d2e9304651dc32e19c4abcd662a
      size: 76622
  plot/solution@squash-corotated:
    cmd: python src/plot/solution.py --camera plot/squash/camera.json --fig plot/squash/corotated.svg
      --solution data/squash/corotated.vtu
    deps:
    - path: data/squash/corotated.vtu
      hash: md5
      md5: 42e7b03c6287c193b4077597a5577db7
      size: 325297
    - path: plot/squash/camera.json
      hash: md5
      md5: 19e71420598c9f5f685df4244d326a6b
      size: 258
    - path: src/plot/solution.py
      hash: md5
      md5: 9712a73259ae01e2a6f385ee23bd48f2
      size: 1176
    outs:
    - path: plot/squash/corotated.svg
      hash: md5
      md5: e38bab1f3ae4cb01f8c32091bbabf2ce
      size: 64376
  plot/solution@twist-st-venant-kirchhoff:
    cmd: python src/plot/solution.py --camera plot/twist/camera.json --fig plot/twist/st-venant-kirchhoff.svg
      --solution data/twist/st-venant-kirchhoff.vtu
    deps:
    - path: data/twist/st-venant-kirchhoff.vtu
      hash: md5
      md5: 88d90cb12b5dee3106aa4d327c8e3a0c
      size: 217263
    - path: plot/twist/camera.json
      hash: md5
      md5: 9f3b8bb3b5380f5d4ac613061aea2975
      size: 275
    - path: src/plot/solution.py
      hash: md5
      md5: 9712a73259ae01e2a6f385ee23bd48f2
      size: 1176
    outs:
    - path: plot/twist/st-venant-kirchhoff.svg
      hash: md5
      md5: ec0ac83d5f132648e966b686d2054923
      size: 97824
  plot/solution@twist-stable-neo-hookean:
    cmd: python src/plot/solution.py --camera plot/twist/camera.json --fig plot/twist/stable-neo-hookean.svg
      --solution data/twist/stable-neo-hookean.vtu
    deps:
    - path: data/twist/stable-neo-hookean.vtu
      hash: md5
      md5: de9d69530594f485132278817fa4d56d
      size: 214647
    - path: plot/twist/camera.json
      hash: md5
      md5: 9f3b8bb3b5380f5d4ac613061aea2975
      size: 275
    - path: src/plot/solution.py
      hash: md5
      md5: 9712a73259ae01e2a6f385ee23bd48f2
      size: 1176
    outs:
    - path: plot/twist/stable-neo-hookean.svg
      hash: md5
      md5: 4f08152c9883e0f8dcc9c03382aed4f1
      size: 117286
  plot/solution@twist-linear:
    cmd: python src/plot/solution.py --camera plot/twist/camera.json --fig plot/twist/linear.svg
      --solution data/twist/linear.vtu
    deps:
    - path: data/twist/linear.vtu
      hash: md5
      md5: d675b5fc7880f7e42afc2ec2052f12a5
      size: 217315
    - path: plot/twist/camera.json
      hash: md5
      md5: 9f3b8bb3b5380f5d4ac613061aea2975
      size: 275
    - path: src/plot/solution.py
      hash: md5
      md5: 9712a73259ae01e2a6f385ee23bd48f2
      size: 1176
    outs:
    - path: plot/twist/linear.svg
      hash: md5
      md5: 62f115a7eda9dcc0493831adaa5b299b
      size: 103625
  plot/solution@stretch-linear:
    cmd: python src/plot/solution.py --camera plot/stretch/camera.json --fig plot/stretch/linear.svg
      --solution data/stretch/linear.vtu
    deps:
    - path: data/stretch/linear.vtu
      hash: md5
      md5: 79e7bab75bc145db93ebdd3aee705fff
      size: 315550
    - path: plot/stretch/camera.json
      hash: md5
      md5: 7662da05fc39ac606ab260f4a53c7cca
      size: 263
    - path: src/plot/solution.py
      hash: md5
      md5: 9712a73259ae01e2a6f385ee23bd48f2
      size: 1176
    outs:
    - path: plot/stretch/linear.svg
      hash: md5
      md5: 5468f4c7d43cc6a54665cc06ce281e23
      size: 155441
  plot/solution@squash-stable-neo-hookean:
    cmd: python src/plot/solution.py --camera plot/squash/camera.json --fig plot/squash/stable-neo-hookean.svg
      --solution data/squash/stable-neo-hookean.vtu
    deps:
    - path: data/squash/stable-neo-hookean.vtu
      hash: md5
      md5: 7e172a4bedb8efbe5e54b8f7b59f35ad
      size: 324178
    - path: plot/squash/camera.json
      hash: md5
      md5: 19e71420598c9f5f685df4244d326a6b
      size: 258
    - path: src/plot/solution.py
      hash: md5
      md5: 9712a73259ae01e2a6f385ee23bd48f2
      size: 1176
    outs:
    - path: plot/squash/stable-neo-hookean.svg
      hash: md5
      md5: e6e6d62f767fef18e9a5f679e88d21ab
      size: 76614
  plot/solution@squash-linear:
    cmd: python src/plot/solution.py --camera plot/squash/camera.json --fig plot/squash/linear.svg
      --solution data/squash/linear.vtu
    deps:
    - path: data/squash/linear.vtu
      hash: md5
      md5: 7fd46347ed167d63d271527e20e63aa2
      size: 324422
    - path: plot/squash/camera.json
      hash: md5
      md5: 19e71420598c9f5f685df4244d326a6b
      size: 258
    - path: src/plot/solution.py
      hash: md5
      md5: 9712a73259ae01e2a6f385ee23bd48f2
      size: 1176
    outs:
    - path: plot/squash/linear.svg
      hash: md5
      md5: b098f8a98049befdda24ae5553b03da4
      size: 86033
  plot/solution@stretch-stable-neo-hookean:
    cmd: python src/plot/solution.py --camera plot/stretch/camera.json --fig plot/stretch/stable-neo-hookean.svg
      --solution data/stretch/stable-neo-hookean.vtu
    deps:
    - path: data/stretch/stable-neo-hookean.vtu
      hash: md5
      md5: 97540fbfb640e0687eda451c9cf2802b
      size: 314368
    - path: plot/stretch/camera.json
      hash: md5
      md5: 7662da05fc39ac606ab260f4a53c7cca
      size: 263
    - path: src/plot/solution.py
      hash: md5
      md5: 9712a73259ae01e2a6f385ee23bd48f2
      size: 1176
    outs:
    - path: plot/stretch/stable-neo-hookean.svg
      hash: md5
      md5: 5f48390c46c220185ee53ef8e7c583f4
      size: 131426
  plot/solution@twist-corotated:
    cmd: python src/plot/solution.py --camera plot/twist/camera.json --fig plot/twist/corotated.svg
      --solution data/twist/corotated.vtu
    deps:
    - path: data/twist/corotated.vtu
      hash: md5
      md5: 2d59e52087258e1666a50706592774b7
      size: 217679
    - path: plot/twist/camera.json
      hash: md5
      md5: 9f3b8bb3b5380f5d4ac613061aea2975
      size: 275
    - path: src/plot/solution.py
      hash: md5
      md5: 9712a73259ae01e2a6f385ee23bd48f2
      size: 1176
    outs:
    - path: plot/twist/corotated.svg
      hash: md5
      md5: 48d17f5b2ee0b7273bca341fa175f6fa
      size: 111968
  plot/solution@stretch-neo-hookean:
    cmd: python src/plot/solution.py --camera plot/stretch/camera.json --fig plot/stretch/neo-hookean.svg
      --solution data/stretch/neo-hookean.vtu
    deps:
    - path: data/stretch/neo-hookean.vtu
      hash: md5
      md5: 51e8072ad8c0366f997c6ab71cd80db9
      size: 314368
    - path: plot/stretch/camera.json
      hash: md5
      md5: 7662da05fc39ac606ab260f4a53c7cca
      size: 263
    - path: src/plot/solution.py
      hash: md5
      md5: 9712a73259ae01e2a6f385ee23bd48f2
      size: 1176
    outs:
    - path: plot/stretch/neo-hookean.svg
      hash: md5
      md5: 24669341a1017da6a3f06e769889878c
      size: 131410
  plot/solution@stretch-corotated:
    cmd: python src/plot/solution.py --camera plot/stretch/camera.json --fig plot/stretch/corotated.svg
      --solution data/stretch/corotated.vtu
    deps:
    - path: data/stretch/corotated.vtu
      hash: md5
      md5: 94c376f956f01f6c586c8f55704ede44
      size: 316278
    - path: plot/stretch/camera.json
      hash: md5
      md5: 7662da05fc39ac606ab260f4a53c7cca
      size: 263
    - path: src/plot/solution.py
      hash: md5
      md5: 9712a73259ae01e2a6f385ee23bd48f2
      size: 1176
    outs:
    - path: plot/stretch/corotated.svg
      hash: md5
      md5: 2dbebc5b8d870fe818af620a8af7f937
      size: 180872
  plot/input@stretch:
    cmd: python src/plot/input.py --camera plot/stretch/camera.json --fig plot/stretch/input.svg
      --input data/stretch/input.vtu
    deps:
    - path: data/stretch/input.vtu
      hash: md5
      md5: a36f70e1b5409d28e98de9bf90624230
      size: 149764
    - path: plot/stretch/camera.json
      hash: md5
      md5: 7662da05fc39ac606ab260f4a53c7cca
      size: 263
    - path: src/plot/input.py
      hash: md5
      md5: 0cd9492a360a7f55f4d6734a1fffdb8e
      size: 541
    outs:
    - path: plot/stretch/input.svg
      hash: md5
      md5: a64aa3ab5a208c2b247e115f9b785b80
      size: 64993
  plot/input@squash:
    cmd: python src/plot/input.py --camera plot/squash/camera.json --fig plot/squash/input.svg
      --input data/squash/input.vtu
    deps:
    - path: data/squash/input.vtu
      hash: md5
      md5: 7af57029a480d4ca1e7a077a956a3d07
      size: 154419
    - path: plot/squash/camera.json
      hash: md5
      md5: 19e71420598c9f5f685df4244d326a6b
      size: 258
    - path: src/plot/input.py
      hash: md5
      md5: 0cd9492a360a7f55f4d6734a1fffdb8e
      size: 541
    outs:
    - path: plot/squash/input.svg
      hash: md5
      md5: 84f923b46c1d43e2127df05b64463c19
      size: 73201
  plot/input@twist:
    cmd: python src/plot/input.py --camera plot/twist/camera.json --fig plot/twist/input.svg
      --input data/twist/input.vtu
    deps:
    - path: data/twist/input.vtu
      hash: md5
      md5: cb2a6a4157811dc1931183b89e245c98
      size: 96437
    - path: plot/twist/camera.json
      hash: md5
      md5: 9f3b8bb3b5380f5d4ac613061aea2975
      size: 275
    - path: src/plot/input.py
      hash: md5
      md5: 0cd9492a360a7f55f4d6734a1fffdb8e
      size: 541
    outs:
    - path: plot/twist/input.svg
      hash: md5
      md5: 59b2ef9ad741bae3a8f636e30e287a71
      size: 34641
