schema: '2.0'
stages:
  CT-to-mesh/face@120056-pre:
    cmd: python src/CT-to-mesh.py --ct data/01_raw/CT/120056/pre --mesh data/02_intermediate/120056/pre/00-face.ply
      --threshold -200
    deps:
    - path: data/01_raw/CT/120056/pre
      hash: md5
      md5: fd6e5678f975a5e9a8eaef5301e9640a.dir
      size: 196372706
      nfiles: 365
    - path: src/CT-to-mesh.py
      hash: md5
      md5: 6df5aabf6e450f7fc18197979e8bf6a5
      size: 624
    outs:
    - path: data/02_intermediate/120056/pre/00-face.ply
      hash: md5
      md5: 00ac110c1dde65d959473d055a69a4c0
      size: 46748693
  CT-to-mesh/face@120056-post:
    cmd: python src/CT-to-mesh.py --ct data/01_raw/CT/120056/post --mesh data/02_intermediate/120056/post/00-face.ply
      --threshold -200
    deps:
    - path: data/01_raw/CT/120056/post
      hash: md5
      md5: c62af8f9e3519755c7d38f6100cbb38f.dir
      size: 195298646
      nfiles: 363
    - path: src/CT-to-mesh.py
      hash: md5
      md5: 6df5aabf6e450f7fc18197979e8bf6a5
      size: 624
    outs:
    - path: data/02_intermediate/120056/post/00-face.ply
      hash: md5
      md5: ca999b885346650b1f9d9675951c3c51
      size: 49751146
  CT-to-mesh/skull@120056-post:
    cmd: python src/CT-to-mesh.py --ct data/01_raw/CT/120056/post --mesh data/02_intermediate/120056/post/00-skull.ply
      --threshold 200
    deps:
    - path: data/01_raw/CT/120056/post
      hash: md5
      md5: c62af8f9e3519755c7d38f6100cbb38f.dir
      size: 195298646
      nfiles: 363
    - path: src/CT-to-mesh.py
      hash: md5
      md5: 6df5aabf6e450f7fc18197979e8bf6a5
      size: 624
    outs:
    - path: data/02_intermediate/120056/post/00-skull.ply
      hash: md5
      md5: a85df5cbea53d09839d3ddf85e2602dc
      size: 74108686
  CT-to-mesh/skull@120056-pre:
    cmd: python src/CT-to-mesh.py --ct data/01_raw/CT/120056/pre --mesh data/02_intermediate/120056/pre/00-skull.ply
      --threshold 200
    deps:
    - path: data/01_raw/CT/120056/pre
      hash: md5
      md5: fd6e5678f975a5e9a8eaef5301e9640a.dir
      size: 196372706
      nfiles: 365
    - path: src/CT-to-mesh.py
      hash: md5
      md5: 6df5aabf6e450f7fc18197979e8bf6a5
      size: 624
    outs:
    - path: data/02_intermediate/120056/pre/00-skull.ply
      hash: md5
      md5: 6fffeef80d16ff248044f69e0bb328da
      size: 69634168
