schema: '2.0'
stages:
  gen:
    cmd: python src/gen.py
    deps:
    - path: src/gen.py
      hash: md5
      md5: 09bc02c1f47c73f1004d11f426855f3a
      size: 1332
    params:
      params.yaml:
        deform: stretch
    outs:
    - path: data/input.vtu
      hash: md5
      md5: e275210bcb9ae3af72f7d24efdd832a8
      size: 288147
  gen@stretch:
    cmd: python src/gen.py --deform stretch --output data/stretch/input.vtu
    deps:
    - path: src/gen.py
      hash: md5
      md5: 1b78a4aab30c4fa8479456d84bd25409
      size: 1958
    outs:
    - path: data/stretch/input.vtu
      hash: md5
      md5: de15a05b150ce9d32f70324ea6c43d6b
      size: 315038
  gen@squash:
    cmd: python src/gen.py --deform squash --output data/squash/input.vtu
    deps:
    - path: src/gen.py
      hash: md5
      md5: 1b78a4aab30c4fa8479456d84bd25409
      size: 1958
    outs:
    - path: data/squash/input.vtu
      hash: md5
      md5: 496bc0be62eade5dc2adeb64a9c233ef
      size: 308818
  sim@squash-corotated:
    cmd: python src/main.py --input data/squash/input.vtu --model corotated --output
      data/squash/corotated.vtu
    deps:
    - path: data/squash/input.vtu
      hash: md5
      md5: 496bc0be62eade5dc2adeb64a9c233ef
      size: 308818
    - path: src/main.py
      hash: md5
      md5: 0767b76f84107cebfd6d437a73209a06
      size: 4620
    outs:
    - path: data/squash/corotated.vtu
      hash: md5
      md5: 1409c135e5aceb5839243796b2e37587
      size: 487631
  sim@squash-linear:
    cmd: python src/main.py --input data/squash/input.vtu --model linear --output
      data/squash/linear.vtu
    deps:
    - path: data/squash/input.vtu
      hash: md5
      md5: 496bc0be62eade5dc2adeb64a9c233ef
      size: 308818
    - path: src/main.py
      hash: md5
      md5: 0767b76f84107cebfd6d437a73209a06
      size: 4620
    outs:
    - path: data/squash/linear.vtu
      hash: md5
      md5: 3336063063dcb4e139a9e69fec22bd1c
      size: 486941
  sim@squash-neo_hookean_bower:
    cmd: python src/main.py --input data/squash/input.vtu --model neo_hookean_bower
      --output data/squash/neo_hookean_bower.vtu
    deps:
    - path: data/squash/input.vtu
      hash: md5
      md5: 496bc0be62eade5dc2adeb64a9c233ef
      size: 308818
    - path: src/main.py
      hash: md5
      md5: 0767b76f84107cebfd6d437a73209a06
      size: 4620
    outs:
    - path: data/squash/neo_hookean_bower.vtu
      hash: md5
      md5: ece9602adbc48ba46701f62a03718fee
      size: 488998
  sim@squash-neo_hookean_macklin:
    cmd: python src/main.py --input data/squash/input.vtu --model neo_hookean_macklin
      --output data/squash/neo_hookean_macklin.vtu
    deps:
    - path: data/squash/input.vtu
      hash: md5
      md5: 496bc0be62eade5dc2adeb64a9c233ef
      size: 308818
    - path: src/main.py
      hash: md5
      md5: 0767b76f84107cebfd6d437a73209a06
      size: 4620
    outs:
    - path: data/squash/neo_hookean_macklin.vtu
      hash: md5
      md5: 1bf8f00483c3b5a44963c19725cc9afd
      size: 486563
  sim@squash-neo_hookean_stable:
    cmd: python src/main.py --input data/squash/input.vtu --model neo_hookean_stable
      --output data/squash/neo_hookean_stable.vtu
    deps:
    - path: data/squash/input.vtu
      hash: md5
      md5: 496bc0be62eade5dc2adeb64a9c233ef
      size: 308818
    - path: src/main.py
      hash: md5
      md5: 0767b76f84107cebfd6d437a73209a06
      size: 4620
    outs:
    - path: data/squash/neo_hookean_stable.vtu
      hash: md5
      md5: 28ecb62339b3020455330c63c012695c
      size: 490293
  sim@squash-saint_venant_kirchhoff:
    cmd: python src/main.py --input data/squash/input.vtu --model saint_venant_kirchhoff
      --output data/squash/saint_venant_kirchhoff.vtu
    deps:
    - path: data/squash/input.vtu
      hash: md5
      md5: 496bc0be62eade5dc2adeb64a9c233ef
      size: 308818
    - path: src/main.py
      hash: md5
      md5: 0767b76f84107cebfd6d437a73209a06
      size: 4620
    outs:
    - path: data/squash/saint_venant_kirchhoff.vtu
      hash: md5
      md5: 5be233d9aede5e99743ea773e6a8db26
      size: 487924
  sim@squash-yeoh:
    cmd: python src/main.py --input data/squash/input.vtu --model yeoh --output data/squash/yeoh.vtu
    deps:
    - path: data/squash/input.vtu
      hash: md5
      md5: 496bc0be62eade5dc2adeb64a9c233ef
      size: 308818
    - path: src/main.py
      hash: md5
      md5: 0767b76f84107cebfd6d437a73209a06
      size: 4620
    outs:
    - path: data/squash/yeoh.vtu
      hash: md5
      md5: 9de7bd6d03a1a37621b61aac94a88ef5
      size: 488050
  sim@stretch-corotated:
    cmd: python src/main.py --input data/stretch/input.vtu --model corotated --output
      data/stretch/corotated.vtu
    deps:
    - path: data/stretch/input.vtu
      hash: md5
      md5: de15a05b150ce9d32f70324ea6c43d6b
      size: 315038
    - path: src/main.py
      hash: md5
      md5: 0767b76f84107cebfd6d437a73209a06
      size: 4620
    outs:
    - path: data/stretch/corotated.vtu
      hash: md5
      md5: 770c84391024f5c8aaebc825e5a1714e
      size: 493620
  sim@stretch-linear:
    cmd: python src/main.py --input data/stretch/input.vtu --model linear --output
      data/stretch/linear.vtu
    deps:
    - path: data/stretch/input.vtu
      hash: md5
      md5: de15a05b150ce9d32f70324ea6c43d6b
      size: 315038
    - path: src/main.py
      hash: md5
      md5: 0767b76f84107cebfd6d437a73209a06
      size: 4620
    outs:
    - path: data/stretch/linear.vtu
      hash: md5
      md5: ca02b217527b6b08ece1cb58f02e4f47
      size: 492912
  sim@stretch-neo_hookean_bower:
    cmd: python src/main.py --input data/stretch/input.vtu --model neo_hookean_bower
      --output data/stretch/neo_hookean_bower.vtu
    deps:
    - path: data/stretch/input.vtu
      hash: md5
      md5: de15a05b150ce9d32f70324ea6c43d6b
      size: 315038
    - path: src/main.py
      hash: md5
      md5: 0767b76f84107cebfd6d437a73209a06
      size: 4620
    outs:
    - path: data/stretch/neo_hookean_bower.vtu
      hash: md5
      md5: ea6751c8e98d1cfbb64d35659f9af94d
      size: 493090
  sim@stretch-neo_hookean_macklin:
    cmd: python src/main.py --input data/stretch/input.vtu --model neo_hookean_macklin
      --output data/stretch/neo_hookean_macklin.vtu
    deps:
    - path: data/stretch/input.vtu
      hash: md5
      md5: de15a05b150ce9d32f70324ea6c43d6b
      size: 315038
    - path: src/main.py
      hash: md5
      md5: 0767b76f84107cebfd6d437a73209a06
      size: 4620
    outs:
    - path: data/stretch/neo_hookean_macklin.vtu
      hash: md5
      md5: 61b4cb31d4fdb90d53a7921fbe8dcf50
      size: 491736
  sim@stretch-neo_hookean_stable:
    cmd: python src/main.py --input data/stretch/input.vtu --model neo_hookean_stable
      --output data/stretch/neo_hookean_stable.vtu
    deps:
    - path: data/stretch/input.vtu
      hash: md5
      md5: de15a05b150ce9d32f70324ea6c43d6b
      size: 315038
    - path: src/main.py
      hash: md5
      md5: 0767b76f84107cebfd6d437a73209a06
      size: 4620
    outs:
    - path: data/stretch/neo_hookean_stable.vtu
      hash: md5
      md5: 1befbed3ffd41dc4a8303be7865af162
      size: 495439
  sim@stretch-saint_venant_kirchhoff:
    cmd: python src/main.py --input data/stretch/input.vtu --model saint_venant_kirchhoff
      --output data/stretch/saint_venant_kirchhoff.vtu
    deps:
    - path: data/stretch/input.vtu
      hash: md5
      md5: de15a05b150ce9d32f70324ea6c43d6b
      size: 315038
    - path: src/main.py
      hash: md5
      md5: 0767b76f84107cebfd6d437a73209a06
      size: 4620
    outs:
    - path: data/stretch/saint_venant_kirchhoff.vtu
      hash: md5
      md5: 1c88cb5b070d7fc08092b4b00b65eb66
      size: 491834
  sim@stretch-yeoh:
    cmd: python src/main.py --input data/stretch/input.vtu --model yeoh --output data/stretch/yeoh.vtu
    deps:
    - path: data/stretch/input.vtu
      hash: md5
      md5: de15a05b150ce9d32f70324ea6c43d6b
      size: 315038
    - path: src/main.py
      hash: md5
      md5: 0767b76f84107cebfd6d437a73209a06
      size: 4620
    outs:
    - path: data/stretch/yeoh.vtu
      hash: md5
      md5: 7a144a9d9a3dbf8987a8292884cb5059
      size: 493049
  plot/solution@squash-corotated:
    cmd: python src/plot/solution.py --camera plot/squash/camera.json --fig plot/squash/corotated.svg
      --solution data/squash/corotated.vtu
    deps:
    - path: data/squash/corotated.vtu
      hash: md5
      md5: 1409c135e5aceb5839243796b2e37587
      size: 487631
    - path: plot/squash/camera.json
      hash: md5
      md5: 0c81d396715c69826901620d86fa3d5a
      size: 276
    - path: src/plot/solution.py
      hash: md5
      md5: f556779f39be9de96ea81cd3cc93bd9c
      size: 1285
    outs:
    - path: plot/squash/corotated.svg
      hash: md5
      md5: b6516a63986dbae6e3d5300657785200
      size: 89048
  plot/solution@squash-linear:
    cmd: python src/plot/solution.py --camera plot/squash/camera.json --fig plot/squash/linear.svg
      --solution data/squash/linear.vtu
    deps:
    - path: data/squash/linear.vtu
      hash: md5
      md5: 3336063063dcb4e139a9e69fec22bd1c
      size: 486941
    - path: plot/squash/camera.json
      hash: md5
      md5: 0c81d396715c69826901620d86fa3d5a
      size: 276
    - path: src/plot/solution.py
      hash: md5
      md5: f556779f39be9de96ea81cd3cc93bd9c
      size: 1285
    outs:
    - path: plot/squash/linear.svg
      hash: md5
      md5: 50839ac76ac24f9cbf691d1f4907d1cf
      size: 72645
  plot/solution@squash-neo_hookean_bower:
    cmd: python src/plot/solution.py --camera plot/squash/camera.json --fig plot/squash/neo_hookean_bower.svg
      --solution data/squash/neo_hookean_bower.vtu
    deps:
    - path: data/squash/neo_hookean_bower.vtu
      hash: md5
      md5: ece9602adbc48ba46701f62a03718fee
      size: 488998
    - path: plot/squash/camera.json
      hash: md5
      md5: 0c81d396715c69826901620d86fa3d5a
      size: 276
    - path: src/plot/solution.py
      hash: md5
      md5: f556779f39be9de96ea81cd3cc93bd9c
      size: 1285
    outs:
    - path: plot/squash/neo_hookean_bower.svg
      hash: md5
      md5: 58227f0bcaa73372c5d03a23aa45e3e2
      size: 71934
  plot/solution@squash-neo_hookean_macklin:
    cmd: python src/plot/solution.py --camera plot/squash/camera.json --fig plot/squash/neo_hookean_macklin.svg
      --solution data/squash/neo_hookean_macklin.vtu
    deps:
    - path: data/squash/neo_hookean_macklin.vtu
      hash: md5
      md5: 1bf8f00483c3b5a44963c19725cc9afd
      size: 486563
    - path: plot/squash/camera.json
      hash: md5
      md5: 0c81d396715c69826901620d86fa3d5a
      size: 276
    - path: src/plot/solution.py
      hash: md5
      md5: f556779f39be9de96ea81cd3cc93bd9c
      size: 1285
    outs:
    - path: plot/squash/neo_hookean_macklin.svg
      hash: md5
      md5: f01d5629925611588ef218b97d44f53d
      size: 77410
  plot/solution@squash-neo_hookean_stable:
    cmd: python src/plot/solution.py --camera plot/squash/camera.json --fig plot/squash/neo_hookean_stable.svg
      --solution data/squash/neo_hookean_stable.vtu
    deps:
    - path: data/squash/neo_hookean_stable.vtu
      hash: md5
      md5: 28ecb62339b3020455330c63c012695c
      size: 490293
    - path: plot/squash/camera.json
      hash: md5
      md5: 0c81d396715c69826901620d86fa3d5a
      size: 276
    - path: src/plot/solution.py
      hash: md5
      md5: f556779f39be9de96ea81cd3cc93bd9c
      size: 1285
    outs:
    - path: plot/squash/neo_hookean_stable.svg
      hash: md5
      md5: 644cdd43d5f3251c78100365fe5f151b
      size: 78539
  plot/solution@squash-saint_venant_kirchhoff:
    cmd: python src/plot/solution.py --camera plot/squash/camera.json --fig plot/squash/saint_venant_kirchhoff.svg
      --solution data/squash/saint_venant_kirchhoff.vtu
    deps:
    - path: data/squash/saint_venant_kirchhoff.vtu
      hash: md5
      md5: 5be233d9aede5e99743ea773e6a8db26
      size: 487924
    - path: plot/squash/camera.json
      hash: md5
      md5: 0c81d396715c69826901620d86fa3d5a
      size: 276
    - path: src/plot/solution.py
      hash: md5
      md5: f556779f39be9de96ea81cd3cc93bd9c
      size: 1285
    outs:
    - path: plot/squash/saint_venant_kirchhoff.svg
      hash: md5
      md5: add41b59848270f0b905607d03db62c3
      size: 71952
  plot/solution@squash-yeoh:
    cmd: python src/plot/solution.py --camera plot/squash/camera.json --fig plot/squash/yeoh.svg
      --solution data/squash/yeoh.vtu
    deps:
    - path: data/squash/yeoh.vtu
      hash: md5
      md5: 9de7bd6d03a1a37621b61aac94a88ef5
      size: 488050
    - path: plot/squash/camera.json
      hash: md5
      md5: 0c81d396715c69826901620d86fa3d5a
      size: 276
    - path: src/plot/solution.py
      hash: md5
      md5: f556779f39be9de96ea81cd3cc93bd9c
      size: 1285
    outs:
    - path: plot/squash/yeoh.svg
      hash: md5
      md5: 3cb2e2ad7f8e81583f9fa6ac19141899
      size: 57191
  plot/solution@stretch-corotated:
    cmd: python src/plot/solution.py --camera plot/stretch/camera.json --fig plot/stretch/corotated.svg
      --solution data/stretch/corotated.vtu
    deps:
    - path: data/stretch/corotated.vtu
      hash: md5
      md5: 770c84391024f5c8aaebc825e5a1714e
      size: 493620
    - path: plot/stretch/camera.json
      hash: md5
      md5: 3428548bf9e4552983a47802367d5ff8
      size: 244
    - path: src/plot/solution.py
      hash: md5
      md5: f556779f39be9de96ea81cd3cc93bd9c
      size: 1285
    outs:
    - path: plot/stretch/corotated.svg
      hash: md5
      md5: 16a626025b93d6436b1b5d38c04abb73
      size: 144972
  plot/solution@stretch-linear:
    cmd: python src/plot/solution.py --camera plot/stretch/camera.json --fig plot/stretch/linear.svg
      --solution data/stretch/linear.vtu
    deps:
    - path: data/stretch/linear.vtu
      hash: md5
      md5: ca02b217527b6b08ece1cb58f02e4f47
      size: 492912
    - path: plot/stretch/camera.json
      hash: md5
      md5: 3428548bf9e4552983a47802367d5ff8
      size: 244
    - path: src/plot/solution.py
      hash: md5
      md5: f556779f39be9de96ea81cd3cc93bd9c
      size: 1285
    outs:
    - path: plot/stretch/linear.svg
      hash: md5
      md5: 6e401f65f62fae49ac9fda0578d4f1f3
      size: 125429
  plot/solution@stretch-neo_hookean_bower:
    cmd: python src/plot/solution.py --camera plot/stretch/camera.json --fig plot/stretch/neo_hookean_bower.svg
      --solution data/stretch/neo_hookean_bower.vtu
    deps:
    - path: data/stretch/neo_hookean_bower.vtu
      hash: md5
      md5: ea6751c8e98d1cfbb64d35659f9af94d
      size: 493090
    - path: plot/stretch/camera.json
      hash: md5
      md5: 3428548bf9e4552983a47802367d5ff8
      size: 244
    - path: src/plot/solution.py
      hash: md5
      md5: f556779f39be9de96ea81cd3cc93bd9c
      size: 1285
    outs:
    - path: plot/stretch/neo_hookean_bower.svg
      hash: md5
      md5: e584d4f0a6656f2cea77af9a3d24e7e7
      size: 105227
  plot/solution@stretch-neo_hookean_macklin:
    cmd: python src/plot/solution.py --camera plot/stretch/camera.json --fig plot/stretch/neo_hookean_macklin.svg
      --solution data/stretch/neo_hookean_macklin.vtu
    deps:
    - path: data/stretch/neo_hookean_macklin.vtu
      hash: md5
      md5: 61b4cb31d4fdb90d53a7921fbe8dcf50
      size: 491736
    - path: plot/stretch/camera.json
      hash: md5
      md5: 3428548bf9e4552983a47802367d5ff8
      size: 244
    - path: src/plot/solution.py
      hash: md5
      md5: f556779f39be9de96ea81cd3cc93bd9c
      size: 1285
    outs:
    - path: plot/stretch/neo_hookean_macklin.svg
      hash: md5
      md5: 9f349c37c12116db32fa4a849f0bed3f
      size: 100974
  plot/solution@stretch-neo_hookean_stable:
    cmd: python src/plot/solution.py --camera plot/stretch/camera.json --fig plot/stretch/neo_hookean_stable.svg
      --solution data/stretch/neo_hookean_stable.vtu
    deps:
    - path: data/stretch/neo_hookean_stable.vtu
      hash: md5
      md5: 1befbed3ffd41dc4a8303be7865af162
      size: 495439
    - path: plot/stretch/camera.json
      hash: md5
      md5: 3428548bf9e4552983a47802367d5ff8
      size: 244
    - path: src/plot/solution.py
      hash: md5
      md5: f556779f39be9de96ea81cd3cc93bd9c
      size: 1285
    outs:
    - path: plot/stretch/neo_hookean_stable.svg
      hash: md5
      md5: 831ac4d2f3da016dcfd6068d1d629821
      size: 98979
  plot/solution@stretch-saint_venant_kirchhoff:
    cmd: python src/plot/solution.py --camera plot/stretch/camera.json --fig plot/stretch/saint_venant_kirchhoff.svg
      --solution data/stretch/saint_venant_kirchhoff.vtu
    deps:
    - path: data/stretch/saint_venant_kirchhoff.vtu
      hash: md5
      md5: 1c88cb5b070d7fc08092b4b00b65eb66
      size: 491834
    - path: plot/stretch/camera.json
      hash: md5
      md5: 3428548bf9e4552983a47802367d5ff8
      size: 244
    - path: src/plot/solution.py
      hash: md5
      md5: f556779f39be9de96ea81cd3cc93bd9c
      size: 1285
    outs:
    - path: plot/stretch/saint_venant_kirchhoff.svg
      hash: md5
      md5: ecc6932d05b4b6b161c33393c41186e1
      size: 123233
  plot/solution@stretch-yeoh:
    cmd: python src/plot/solution.py --camera plot/stretch/camera.json --fig plot/stretch/yeoh.svg
      --solution data/stretch/yeoh.vtu
    deps:
    - path: data/stretch/yeoh.vtu
      hash: md5
      md5: 7a144a9d9a3dbf8987a8292884cb5059
      size: 493049
    - path: plot/stretch/camera.json
      hash: md5
      md5: 3428548bf9e4552983a47802367d5ff8
      size: 244
    - path: src/plot/solution.py
      hash: md5
      md5: f556779f39be9de96ea81cd3cc93bd9c
      size: 1285
    outs:
    - path: plot/stretch/yeoh.svg
      hash: md5
      md5: 15059bf291c2222da6b3fc275b6ed0b4
      size: 103115
  gen@twist:
    cmd: python src/gen.py --deform twist --output data/twist/input.vtu
    deps:
    - path: src/gen.py
      hash: md5
      md5: 1b78a4aab30c4fa8479456d84bd25409
      size: 1958
    outs:
    - path: data/twist/input.vtu
      hash: md5
      md5: 75a76ac18805fa65ef0163ce7c1143a7
      size: 182470
  sim@twist-corotated:
    cmd: python src/main.py --input data/twist/input.vtu --model corotated --output
      data/twist/corotated.vtu
    deps:
    - path: data/twist/input.vtu
      hash: md5
      md5: 75a76ac18805fa65ef0163ce7c1143a7
      size: 182470
    - path: src/main.py
      hash: md5
      md5: 0767b76f84107cebfd6d437a73209a06
      size: 4620
    outs:
    - path: data/twist/corotated.vtu
      hash: md5
      md5: 96ef34988ebe021b1cdd6da4bbada61e
      size: 300594
  sim@twist-linear:
    cmd: python src/main.py --input data/twist/input.vtu --model linear --output data/twist/linear.vtu
    deps:
    - path: data/twist/input.vtu
      hash: md5
      md5: 75a76ac18805fa65ef0163ce7c1143a7
      size: 182470
    - path: src/main.py
      hash: md5
      md5: 0767b76f84107cebfd6d437a73209a06
      size: 4620
    outs:
    - path: data/twist/linear.vtu
      hash: md5
      md5: 1348c15736c6d8f6c60795f574dd6a81
      size: 300343
  sim@twist-neo_hookean_bower:
    cmd: python src/main.py --input data/twist/input.vtu --model neo_hookean_bower
      --output data/twist/neo_hookean_bower.vtu
    deps:
    - path: data/twist/input.vtu
      hash: md5
      md5: 75a76ac18805fa65ef0163ce7c1143a7
      size: 182470
    - path: src/main.py
      hash: md5
      md5: 0767b76f84107cebfd6d437a73209a06
      size: 4620
    outs:
    - path: data/twist/neo_hookean_bower.vtu
      hash: md5
      md5: a925d56bf944780393fa03eaa39ae7a9
      size: 300496
  sim@twist-neo_hookean_macklin:
    cmd: python src/main.py --input data/twist/input.vtu --model neo_hookean_macklin
      --output data/twist/neo_hookean_macklin.vtu
    deps:
    - path: data/twist/input.vtu
      hash: md5
      md5: 75a76ac18805fa65ef0163ce7c1143a7
      size: 182470
    - path: src/main.py
      hash: md5
      md5: 0767b76f84107cebfd6d437a73209a06
      size: 4620
    outs:
    - path: data/twist/neo_hookean_macklin.vtu
      hash: md5
      md5: 2a23766fa6f8450ccf8b4c562f322606
      size: 297689
  sim@twist-neo_hookean_stable:
    cmd: python src/main.py --input data/twist/input.vtu --model neo_hookean_stable
      --output data/twist/neo_hookean_stable.vtu
    deps:
    - path: data/twist/input.vtu
      hash: md5
      md5: 75a76ac18805fa65ef0163ce7c1143a7
      size: 182470
    - path: src/main.py
      hash: md5
      md5: 0767b76f84107cebfd6d437a73209a06
      size: 4620
    outs:
    - path: data/twist/neo_hookean_stable.vtu
      hash: md5
      md5: 2781f0b1909bbbeb8c2442148e1c0b71
      size: 299542
  sim@twist-saint_venant_kirchhoff:
    cmd: python src/main.py --input data/twist/input.vtu --model saint_venant_kirchhoff
      --output data/twist/saint_venant_kirchhoff.vtu
    deps:
    - path: data/twist/input.vtu
      hash: md5
      md5: 75a76ac18805fa65ef0163ce7c1143a7
      size: 182470
    - path: src/main.py
      hash: md5
      md5: 0767b76f84107cebfd6d437a73209a06
      size: 4620
    outs:
    - path: data/twist/saint_venant_kirchhoff.vtu
      hash: md5
      md5: 6d3671cccebe5aca12fdbceaeb9f5520
      size: 300241
  sim@twist-yeoh:
    cmd: python src/main.py --input data/twist/input.vtu --model yeoh --output data/twist/yeoh.vtu
    deps:
    - path: data/twist/input.vtu
      hash: md5
      md5: 75a76ac18805fa65ef0163ce7c1143a7
      size: 182470
    - path: src/main.py
      hash: md5
      md5: 0767b76f84107cebfd6d437a73209a06
      size: 4620
    outs:
    - path: data/twist/yeoh.vtu
      hash: md5
      md5: e49d1a043b9d74bd324bccf33c413d66
      size: 198954
  plot/solution@twist-corotated:
    cmd: python src/plot/solution.py --camera plot/twist/camera.json --fig plot/twist/corotated.svg
      --solution data/twist/corotated.vtu
    deps:
    - path: data/twist/corotated.vtu
      hash: md5
      md5: 96ef34988ebe021b1cdd6da4bbada61e
      size: 300594
    - path: plot/twist/camera.json
      hash: md5
      md5: 5caccf29bee67453e7f0afba06259732
      size: 275
    - path: src/plot/solution.py
      hash: md5
      md5: f556779f39be9de96ea81cd3cc93bd9c
      size: 1285
    outs:
    - path: plot/twist/corotated.svg
      hash: md5
      md5: d808848dbee582f833f27d34aaef9b75
      size: 99572
  plot/solution@twist-linear:
    cmd: python src/plot/solution.py --camera plot/twist/camera.json --fig plot/twist/linear.svg
      --solution data/twist/linear.vtu
    deps:
    - path: data/twist/linear.vtu
      hash: md5
      md5: 1348c15736c6d8f6c60795f574dd6a81
      size: 300343
    - path: plot/twist/camera.json
      hash: md5
      md5: 5caccf29bee67453e7f0afba06259732
      size: 275
    - path: src/plot/solution.py
      hash: md5
      md5: f556779f39be9de96ea81cd3cc93bd9c
      size: 1285
    outs:
    - path: plot/twist/linear.svg
      hash: md5
      md5: e0a4a887f8fff3fe4ba9a71efcd802d6
      size: 92529
  plot/solution@twist-neo_hookean_bower:
    cmd: python src/plot/solution.py --camera plot/twist/camera.json --fig plot/twist/neo_hookean_bower.svg
      --solution data/twist/neo_hookean_bower.vtu
    deps:
    - path: data/twist/neo_hookean_bower.vtu
      hash: md5
      md5: a925d56bf944780393fa03eaa39ae7a9
      size: 300496
    - path: plot/twist/camera.json
      hash: md5
      md5: 5caccf29bee67453e7f0afba06259732
      size: 275
    - path: src/plot/solution.py
      hash: md5
      md5: f556779f39be9de96ea81cd3cc93bd9c
      size: 1285
    outs:
    - path: plot/twist/neo_hookean_bower.svg
      hash: md5
      md5: cb881707f515327e2c8f1fad8822e316
      size: 74328
  plot/solution@twist-neo_hookean_macklin:
    cmd: python src/plot/solution.py --camera plot/twist/camera.json --fig plot/twist/neo_hookean_macklin.svg
      --solution data/twist/neo_hookean_macklin.vtu
    deps:
    - path: data/twist/neo_hookean_macklin.vtu
      hash: md5
      md5: 2a23766fa6f8450ccf8b4c562f322606
      size: 297689
    - path: plot/twist/camera.json
      hash: md5
      md5: 5caccf29bee67453e7f0afba06259732
      size: 275
    - path: src/plot/solution.py
      hash: md5
      md5: f556779f39be9de96ea81cd3cc93bd9c
      size: 1285
    outs:
    - path: plot/twist/neo_hookean_macklin.svg
      hash: md5
      md5: aa113b9d0d7a840728bbb336f4fd2194
      size: 102550
  plot/solution@twist-neo_hookean_stable:
    cmd: python src/plot/solution.py --camera plot/twist/camera.json --fig plot/twist/neo_hookean_stable.svg
      --solution data/twist/neo_hookean_stable.vtu
    deps:
    - path: data/twist/neo_hookean_stable.vtu
      hash: md5
      md5: 2781f0b1909bbbeb8c2442148e1c0b71
      size: 299542
    - path: plot/twist/camera.json
      hash: md5
      md5: 5caccf29bee67453e7f0afba06259732
      size: 275
    - path: src/plot/solution.py
      hash: md5
      md5: f556779f39be9de96ea81cd3cc93bd9c
      size: 1285
    outs:
    - path: plot/twist/neo_hookean_stable.svg
      hash: md5
      md5: da58e5a85e5beaeafd888adff84cd32f
      size: 100890
  plot/solution@twist-saint_venant_kirchhoff:
    cmd: python src/plot/solution.py --camera plot/twist/camera.json --fig plot/twist/saint_venant_kirchhoff.svg
      --solution data/twist/saint_venant_kirchhoff.vtu
    deps:
    - path: data/twist/saint_venant_kirchhoff.vtu
      hash: md5
      md5: 6d3671cccebe5aca12fdbceaeb9f5520
      size: 300241
    - path: plot/twist/camera.json
      hash: md5
      md5: 5caccf29bee67453e7f0afba06259732
      size: 275
    - path: src/plot/solution.py
      hash: md5
      md5: f556779f39be9de96ea81cd3cc93bd9c
      size: 1285
    outs:
    - path: plot/twist/saint_venant_kirchhoff.svg
      hash: md5
      md5: b2b506395e1bd52a7970261ab7b59fc4
      size: 84280
  plot/solution@twist-yeoh:
    cmd: python src/plot/solution.py --camera plot/twist/camera.json --fig plot/twist/yeoh.svg
      --solution data/twist/yeoh.vtu
    deps:
    - path: data/twist/yeoh.vtu
      hash: md5
      md5: e49d1a043b9d74bd324bccf33c413d66
      size: 198954
    - path: plot/twist/camera.json
      hash: md5
      md5: 5caccf29bee67453e7f0afba06259732
      size: 275
    - path: src/plot/solution.py
      hash: md5
      md5: f556779f39be9de96ea81cd3cc93bd9c
      size: 1285
    outs:
    - path: plot/twist/yeoh.svg
      hash: md5
      md5: 821f8e4c06eebfce07d739ed52025b1a
      size: 29043
  plot/camera:
    cmd: python src/plot/camera.py --camera plot/camera.json
    deps:
    - path: data/
      hash: md5
      md5: 0a2781bcc58436b917b112afdefbef6a.dir
      size: 9672265
      nfiles: 24
    - path: src/plot/camera.py
      hash: md5
      md5: dd7a250f25320b715a4359e140872c97
      size: 683
    outs:
    - path: plot/camera.json
      hash: md5
      md5: 5caccf29bee67453e7f0afba06259732
      size: 275
  plot/camera@squash:
    cmd: python src/plot/camera.py --camera plot/squash/camera.json --data_dir data/squash
    deps:
    - path: data/squash
      hash: md5
      md5: 5f7b1abcb872c5825211ff1f91d19c0e.dir
      size: 3725218
      nfiles: 8
    - path: src/plot/camera.py
      hash: md5
      md5: 0bc4bf994ea9c663b94831b58ca8f0f1
      size: 702
    outs:
    - path: plot/squash/camera.json
      hash: md5
      md5: 0c81d396715c69826901620d86fa3d5a
      size: 276
  plot/input@squash:
    cmd: python src/plot/input.py --camera plot/squash/camera.json --fig plot/squash/input.svg
      --input data/squash/input.vtu
    deps:
    - path: data/squash/input.vtu
      hash: md5
      md5: 496bc0be62eade5dc2adeb64a9c233ef
      size: 308818
    - path: plot/squash/camera.json
      hash: md5
      md5: 0c81d396715c69826901620d86fa3d5a
      size: 276
    - path: src/plot/input.py
      hash: md5
      md5: 7c22194053cffc088ceab7f6becb2af1
      size: 576
    outs:
    - path: plot/squash/input.svg
      hash: md5
      md5: 88065ab5190bd8c8b22a5aa550f66372
      size: 63989
  plot/camera@stretch:
    cmd: python src/plot/camera.py --camera plot/stretch/camera.json --data_dir data/stretch
    deps:
    - path: data/stretch
      hash: md5
      md5: 5806004e159b22a73fe0af8710c3156c.dir
      size: 3766718
      nfiles: 8
    - path: src/plot/camera.py
      hash: md5
      md5: 0bc4bf994ea9c663b94831b58ca8f0f1
      size: 702
    outs:
    - path: plot/stretch/camera.json
      hash: md5
      md5: 3428548bf9e4552983a47802367d5ff8
      size: 244
  plot/input@stretch:
    cmd: python src/plot/input.py --camera plot/stretch/camera.json --fig plot/stretch/input.svg
      --input data/stretch/input.vtu
    deps:
    - path: data/stretch/input.vtu
      hash: md5
      md5: de15a05b150ce9d32f70324ea6c43d6b
      size: 315038
    - path: plot/stretch/camera.json
      hash: md5
      md5: 3428548bf9e4552983a47802367d5ff8
      size: 244
    - path: src/plot/input.py
      hash: md5
      md5: 7c22194053cffc088ceab7f6becb2af1
      size: 576
    outs:
    - path: plot/stretch/input.svg
      hash: md5
      md5: d25e3ea6c996b195aaefddb13b67dbf8
      size: 55449
  plot/camera@twist:
    cmd: python src/plot/camera.py --camera plot/twist/camera.json --data_dir data/twist
    deps:
    - path: data/twist
      hash: md5
      md5: c520499f1423aec7978206520cc2cbe2.dir
      size: 2180329
      nfiles: 8
    - path: src/plot/camera.py
      hash: md5
      md5: 0bc4bf994ea9c663b94831b58ca8f0f1
      size: 702
    outs:
    - path: plot/twist/camera.json
      hash: md5
      md5: 5caccf29bee67453e7f0afba06259732
      size: 275
  plot/input@twist:
    cmd: python src/plot/input.py --camera plot/twist/camera.json --fig plot/twist/input.svg
      --input data/twist/input.vtu
    deps:
    - path: data/twist/input.vtu
      hash: md5
      md5: 75a76ac18805fa65ef0163ce7c1143a7
      size: 182470
    - path: plot/twist/camera.json
      hash: md5
      md5: 5caccf29bee67453e7f0afba06259732
      size: 275
    - path: src/plot/input.py
      hash: md5
      md5: 7c22194053cffc088ceab7f6becb2af1
      size: 576
    outs:
    - path: plot/twist/input.svg
      hash: md5
      md5: f76197dc5cdd1e8acb2e6e0432dedbe5
      size: 24521
