schema: '2.0'
stages:
  rigid:
    cmd: python src/rigid.py --output data/rigid.vtp /home/liblaf/.local/opt/Wrap/Gallery/Basemeshes/WrapSkull.obj
    deps:
    - path: /home/liblaf/.local/opt/Wrap/Gallery/Basemeshes/WrapSkull.obj
      hash: md5
      md5: f4f74b15ac12feb87d2c5b9689603be1
      size: 1069801
    - path: src/rigid.py
      hash: md5
      md5: ec9238281fbfc1e350a36dbd69982d03
      size: 1455
    outs:
    - path: data/rigid.vtp
      hash: md5
      md5: c51d3b18ac9badbb747b45e403aa07c9
      size: 269203
  non-rigid:
    cmd: python src/non-rigid.py --output data/non-rigid.vtp --source data/rigid.vtp
    deps:
    - path: data/rigid.vtp
      hash: md5
      md5: c51d3b18ac9badbb747b45e403aa07c9
      size: 269203
    - path: src/non-rigid.py
      hash: md5
      md5: 705b871fd12ec3da5cb6774e54188406
      size: 1614
    params:
      params/non-rigid.yaml:
        steps:
        - optim_params:
            weight_landmark: 5
            weight_stiff: 50
          weight_normal: 0.0
        - optim_params:
            weight_landmark: 0.5
            weight_stiff: 5
        - optim_params:
            weight_landmark: 0
            weight_stiff: 2
        - optim_params:
            weight_landmark: 0
            weight_stiff: 0.8
        - optim_params:
            weight_landmark: 0
            weight_stiff: 0.5
        - optim_params:
            weight_landmark: 0
            weight_stiff: 0.35
        - optim_params:
            weight_landmark: 0
            weight_stiff: 0.2
        - optim_params:
            weight_landmark: 0
            weight_stiff: 0.1
    outs:
    - path: data/non-rigid.vtp
      hash: md5
      md5: feb7364f99af783b82d79df5f5d00ce0
      size: 269176
  transfer:
    cmd: python src/transfer.py --output data/transfer.vtp --source data/non-rigid.vtp
    deps:
    - path: data/non-rigid.vtp
      hash: md5
      md5: feb7364f99af783b82d79df5f5d00ce0
      size: 269176
    - path: src/transfer.py
      hash: md5
      md5: 7ba57b89d0922dde20c8421d62ea685a
      size: 849
    outs:
    - path: data/transfer.vtp
      hash: md5
      md5: 01d4543c331b9ff018f8f9e50855f081
      size: 976123
