schema: '2.0'
stages:
  gen:
    cmd: python src/gen.py
    deps:
    - path: src/gen.py
      hash: md5
      md5: 09bc02c1f47c73f1004d11f426855f3a
      size: 1332
    params:
      params.yaml:
        deform: stretch
    outs:
    - path: data/input.vtu
      hash: md5
      md5: e275210bcb9ae3af72f7d24efdd832a8
      size: 288147
  gen@stretch:
    cmd: python src/gen.py --deform stretch --output data/stretch/input.vtu
    deps:
    - path: src/gen.py
      hash: md5
      md5: 12e907d3c9e8f3dfbec1f7c5ac23c7f9
      size: 1753
    outs:
    - path: data/stretch/input.vtu
      hash: md5
      md5: 79d7a9e58381b9c59aa63915b7e7ec37
      size: 291331
  gen@squash:
    cmd: python src/gen.py --deform squash --output data/squash/input.vtu
    deps:
    - path: src/gen.py
      hash: md5
      md5: 12e907d3c9e8f3dfbec1f7c5ac23c7f9
      size: 1753
    outs:
    - path: data/squash/input.vtu
      hash: md5
      md5: 7c739351eb79882fe7de9425efce8032
      size: 296269
  sim@squash-corotated:
    cmd: python src/main.py --input data/squash/input.vtu --model corotated --output
      data/squash/corotated.vtu
    deps:
    - path: data/squash/input.vtu
      hash: md5
      md5: 7c739351eb79882fe7de9425efce8032
      size: 296269
    - path: src/main.py
      hash: md5
      md5: a588a9fb73b5ece0267d810a20bf9e20
      size: 4699
    outs:
    - path: data/squash/corotated.vtu
      hash: md5
      md5: 396cada3fe3eff0aeb5a960817768325
      size: 540837
  sim@squash-linear:
    cmd: python src/main.py --input data/squash/input.vtu --model linear --output
      data/squash/linear.vtu
    deps:
    - path: data/squash/input.vtu
      hash: md5
      md5: 7c739351eb79882fe7de9425efce8032
      size: 296269
    - path: src/main.py
      hash: md5
      md5: a588a9fb73b5ece0267d810a20bf9e20
      size: 4699
    outs:
    - path: data/squash/linear.vtu
      hash: md5
      md5: f7d52a5be64d74f85cc637c8b2fba64e
      size: 522352
  sim@squash-neo_hookean_bower:
    cmd: python src/main.py --input data/squash/input.vtu --model neo_hookean_bower
      --output data/squash/neo_hookean_bower.vtu
    deps:
    - path: data/squash/input.vtu
      hash: md5
      md5: 7c739351eb79882fe7de9425efce8032
      size: 296269
    - path: src/main.py
      hash: md5
      md5: a588a9fb73b5ece0267d810a20bf9e20
      size: 4699
    outs:
    - path: data/squash/neo_hookean_bower.vtu
      hash: md5
      md5: 9a9435f6d99bcfda14f3eb74a603c3ab
      size: 523252
  sim@squash-neo_hookean_macklin:
    cmd: python src/main.py --input data/squash/input.vtu --model neo_hookean_macklin
      --output data/squash/neo_hookean_macklin.vtu
    deps:
    - path: data/squash/input.vtu
      hash: md5
      md5: 7c739351eb79882fe7de9425efce8032
      size: 296269
    - path: src/main.py
      hash: md5
      md5: a588a9fb73b5ece0267d810a20bf9e20
      size: 4699
    outs:
    - path: data/squash/neo_hookean_macklin.vtu
      hash: md5
      md5: 3aa0e321e96990be3d9a9dcf89e081e6
      size: 522147
  sim@squash-neo_hookean_stable:
    cmd: python src/main.py --input data/squash/input.vtu --model neo_hookean_stable
      --output data/squash/neo_hookean_stable.vtu
    deps:
    - path: data/squash/input.vtu
      hash: md5
      md5: 7c739351eb79882fe7de9425efce8032
      size: 296269
    - path: src/main.py
      hash: md5
      md5: a588a9fb73b5ece0267d810a20bf9e20
      size: 4699
    outs:
    - path: data/squash/neo_hookean_stable.vtu
      hash: md5
      md5: 86c1b9eaee57333fad4979a68dcf2aa5
      size: 524718
  sim@squash-saint_venant_kirchhoff:
    cmd: python src/main.py --input data/squash/input.vtu --model saint_venant_kirchhoff
      --output data/squash/saint_venant_kirchhoff.vtu
    deps:
    - path: data/squash/input.vtu
      hash: md5
      md5: 7c739351eb79882fe7de9425efce8032
      size: 296269
    - path: src/main.py
      hash: md5
      md5: a588a9fb73b5ece0267d810a20bf9e20
      size: 4699
    outs:
    - path: data/squash/saint_venant_kirchhoff.vtu
      hash: md5
      md5: 90f9a49f562844c0b073295e801fe87f
      size: 521587
  sim@squash-yeoh:
    cmd: python src/main.py --input data/squash/input.vtu --model yeoh --output data/squash/yeoh.vtu
    deps:
    - path: data/squash/input.vtu
      hash: md5
      md5: 7c739351eb79882fe7de9425efce8032
      size: 296269
    - path: src/main.py
      hash: md5
      md5: a588a9fb73b5ece0267d810a20bf9e20
      size: 4699
    outs:
    - path: data/squash/yeoh.vtu
      hash: md5
      md5: b19c1280ca6bee7a5352748fc3a02872
      size: 522256
  sim@stretch-corotated:
    cmd: python src/main.py --input data/stretch/input.vtu --model corotated --output
      data/stretch/corotated.vtu
    deps:
    - path: data/stretch/input.vtu
      hash: md5
      md5: 79d7a9e58381b9c59aa63915b7e7ec37
      size: 291331
    - path: src/main.py
      hash: md5
      md5: a588a9fb73b5ece0267d810a20bf9e20
      size: 4699
    outs:
    - path: data/stretch/corotated.vtu
      hash: md5
      md5: 8ffcd5c6a607cfaf8579ac5ed41d1f92
      size: 523289
  sim@stretch-linear:
    cmd: python src/main.py --input data/stretch/input.vtu --model linear --output
      data/stretch/linear.vtu
    deps:
    - path: data/stretch/input.vtu
      hash: md5
      md5: 79d7a9e58381b9c59aa63915b7e7ec37
      size: 291331
    - path: src/main.py
      hash: md5
      md5: a588a9fb73b5ece0267d810a20bf9e20
      size: 4699
    outs:
    - path: data/stretch/linear.vtu
      hash: md5
      md5: 902a2304ce4f195d68fd6a3176ffc6b7
      size: 515216
  sim@stretch-neo_hookean_bower:
    cmd: python src/main.py --input data/stretch/input.vtu --model neo_hookean_bower
      --output data/stretch/neo_hookean_bower.vtu
    deps:
    - path: data/stretch/input.vtu
      hash: md5
      md5: 79d7a9e58381b9c59aa63915b7e7ec37
      size: 291331
    - path: src/main.py
      hash: md5
      md5: a588a9fb73b5ece0267d810a20bf9e20
      size: 4699
    outs:
    - path: data/stretch/neo_hookean_bower.vtu
      hash: md5
      md5: df8fc2aa97938cb8e4c760b6891a6410
      size: 514081
  sim@stretch-neo_hookean_macklin:
    cmd: python src/main.py --input data/stretch/input.vtu --model neo_hookean_macklin
      --output data/stretch/neo_hookean_macklin.vtu
    deps:
    - path: data/stretch/input.vtu
      hash: md5
      md5: 79d7a9e58381b9c59aa63915b7e7ec37
      size: 291331
    - path: src/main.py
      hash: md5
      md5: a588a9fb73b5ece0267d810a20bf9e20
      size: 4699
    outs:
    - path: data/stretch/neo_hookean_macklin.vtu
      hash: md5
      md5: 5a653a520ad6ec7427b7d3901830de55
      size: 514396
  sim@stretch-neo_hookean_stable:
    cmd: python src/main.py --input data/stretch/input.vtu --model neo_hookean_stable
      --output data/stretch/neo_hookean_stable.vtu
    deps:
    - path: data/stretch/input.vtu
      hash: md5
      md5: 79d7a9e58381b9c59aa63915b7e7ec37
      size: 291331
    - path: src/main.py
      hash: md5
      md5: a588a9fb73b5ece0267d810a20bf9e20
      size: 4699
    outs:
    - path: data/stretch/neo_hookean_stable.vtu
      hash: md5
      md5: 75c7c55abdfcf07e21be33e1ecb0f23a
      size: 516526
  sim@stretch-saint_venant_kirchhoff:
    cmd: python src/main.py --input data/stretch/input.vtu --model saint_venant_kirchhoff
      --output data/stretch/saint_venant_kirchhoff.vtu
    deps:
    - path: data/stretch/input.vtu
      hash: md5
      md5: 79d7a9e58381b9c59aa63915b7e7ec37
      size: 291331
    - path: src/main.py
      hash: md5
      md5: a588a9fb73b5ece0267d810a20bf9e20
      size: 4699
    outs:
    - path: data/stretch/saint_venant_kirchhoff.vtu
      hash: md5
      md5: 1e279bdeb570f3f9a1732fae86724e94
      size: 512423
  sim@stretch-yeoh:
    cmd: python src/main.py --input data/stretch/input.vtu --model yeoh --output data/stretch/yeoh.vtu
    deps:
    - path: data/stretch/input.vtu
      hash: md5
      md5: 79d7a9e58381b9c59aa63915b7e7ec37
      size: 291331
    - path: src/main.py
      hash: md5
      md5: a588a9fb73b5ece0267d810a20bf9e20
      size: 4699
    outs:
    - path: data/stretch/yeoh.vtu
      hash: md5
      md5: b4f736314e00aa8e08e7a4f885033166
      size: 516226
  plot/solution@squash-corotated:
    cmd: python src/plot/solution.py --fig plot/squash/corotated.svg --solution data/squash/corotated.vtu
    deps:
    - path: data/squash/corotated.vtu
      hash: md5
      md5: b5cdbf4bbfa769a7d0cf9667c9a29bf4
      size: 521292
    - path: src/plot/solution.py
      hash: md5
      md5: d455e734c49d2f5dfe247889bc45f81c
      size: 666
    outs:
    - path: plot/squash/corotated.svg
      hash: md5
      md5: a8a4b6b19c476a3f0f4749a95080b82d
      size: 155531
  plot/solution@squash-linear:
    cmd: python src/plot/solution.py --fig plot/squash/linear.svg --solution data/squash/linear.vtu
    deps:
    - path: data/squash/linear.vtu
      hash: md5
      md5: 20fa72399371f5e22b44cbfcb32087ff
      size: 503258
    - path: src/plot/solution.py
      hash: md5
      md5: d455e734c49d2f5dfe247889bc45f81c
      size: 666
    outs:
    - path: plot/squash/linear.svg
      hash: md5
      md5: d007b790483dd3e4a8cafb89f016cf56
      size: 202732
  plot/solution@squash-neo_hookean_bower:
    cmd: python src/plot/solution.py --fig plot/squash/neo_hookean_bower.svg --solution
      data/squash/neo_hookean_bower.vtu
    deps:
    - path: data/squash/neo_hookean_bower.vtu
      hash: md5
      md5: 95fa793e06a7a76c6042123e7c0243a2
      size: 505696
    - path: src/plot/solution.py
      hash: md5
      md5: d455e734c49d2f5dfe247889bc45f81c
      size: 666
    outs:
    - path: plot/squash/neo_hookean_bower.svg
      hash: md5
      md5: ef29f2116ad0ca5a36897ca061c44708
      size: 249126
  plot/solution@squash-neo_hookean_macklin:
    cmd: python src/plot/solution.py --fig plot/squash/neo_hookean_macklin.svg --solution
      data/squash/neo_hookean_macklin.vtu
    deps:
    - path: data/squash/neo_hookean_macklin.vtu
      hash: md5
      md5: 50e0e00c89dfdeadcaefc5c1417005fa
      size: 501908
    - path: src/plot/solution.py
      hash: md5
      md5: d455e734c49d2f5dfe247889bc45f81c
      size: 666
    outs:
    - path: plot/squash/neo_hookean_macklin.svg
      hash: md5
      md5: 08f229cde17bcf7d5f99f979fd00e5ef
      size: 221058
  plot/solution@squash-neo_hookean_stable:
    cmd: python src/plot/solution.py --fig plot/squash/neo_hookean_stable.svg --solution
      data/squash/neo_hookean_stable.vtu
    deps:
    - path: data/squash/neo_hookean_stable.vtu
      hash: md5
      md5: ab862ff7281eccc6a3f5a287c3927254
      size: 504325
    - path: src/plot/solution.py
      hash: md5
      md5: d455e734c49d2f5dfe247889bc45f81c
      size: 666
    outs:
    - path: plot/squash/neo_hookean_stable.svg
      hash: md5
      md5: e1d28c3cd977a10ca28ffc9bf24cbef0
      size: 220368
  plot/solution@squash-saint_venant_kirchhoff:
    cmd: python src/plot/solution.py --fig plot/squash/saint_venant_kirchhoff.svg
      --solution data/squash/saint_venant_kirchhoff.vtu
    deps:
    - path: data/squash/saint_venant_kirchhoff.vtu
      hash: md5
      md5: 52c1614063ebe7a174ec3ee71890af55
      size: 503180
    - path: src/plot/solution.py
      hash: md5
      md5: d455e734c49d2f5dfe247889bc45f81c
      size: 666
    outs:
    - path: plot/squash/saint_venant_kirchhoff.svg
      hash: md5
      md5: 0bd71a3b2c6bb51c82676ae6050bd4fc
      size: 252040
  plot/solution@squash-yeoh:
    cmd: python src/plot/solution.py --fig plot/squash/yeoh.svg --solution data/squash/yeoh.vtu
    deps:
    - path: data/squash/yeoh.vtu
      hash: md5
      md5: 85e8ed5d3b7e65c82b4df2f2b063c731
      size: 502771
    - path: src/plot/solution.py
      hash: md5
      md5: d455e734c49d2f5dfe247889bc45f81c
      size: 666
    outs:
    - path: plot/squash/yeoh.svg
      hash: md5
      md5: b6e299a88b5ac1b6ffb3138c2bdafcfd
      size: 241362
  plot/solution@stretch-corotated:
    cmd: python src/plot/solution.py --fig plot/stretch/corotated.svg --solution data/stretch/corotated.vtu
    deps:
    - path: data/stretch/corotated.vtu
      hash: md5
      md5: 8ea73fecfdb2bab1c776576d34f65fee
      size: 571377
    - path: src/plot/solution.py
      hash: md5
      md5: d455e734c49d2f5dfe247889bc45f81c
      size: 666
    outs:
    - path: plot/stretch/corotated.svg
      hash: md5
      md5: c93a375879cba4048eb2dec2660eab00
      size: 159693
  plot/solution@stretch-linear:
    cmd: python src/plot/solution.py --fig plot/stretch/linear.svg --solution data/stretch/linear.vtu
    deps:
    - path: data/stretch/linear.vtu
      hash: md5
      md5: 967bc5ac4db0dd37730ae2bb45565865
      size: 551902
    - path: src/plot/solution.py
      hash: md5
      md5: d455e734c49d2f5dfe247889bc45f81c
      size: 666
    outs:
    - path: plot/stretch/linear.svg
      hash: md5
      md5: 6094dba57b8818950f410c5dff0ab347
      size: 196284
  plot/solution@stretch-neo_hookean_bower:
    cmd: python src/plot/solution.py --fig plot/stretch/neo_hookean_bower.svg --solution
      data/stretch/neo_hookean_bower.vtu
    deps:
    - path: data/stretch/neo_hookean_bower.vtu
      hash: md5
      md5: 8d5af8705ea61f896fe61a1e4ecad6a7
      size: 552771
    - path: src/plot/solution.py
      hash: md5
      md5: d455e734c49d2f5dfe247889bc45f81c
      size: 666
    outs:
    - path: plot/stretch/neo_hookean_bower.svg
      hash: md5
      md5: f5869ff7172eec784073b4c15fa4970e
      size: 251366
  plot/solution@stretch-neo_hookean_macklin:
    cmd: python src/plot/solution.py --fig plot/stretch/neo_hookean_macklin.svg --solution
      data/stretch/neo_hookean_macklin.vtu
    deps:
    - path: data/stretch/neo_hookean_macklin.vtu
      hash: md5
      md5: 5dfe3cb55b261283b022bc3ec62062c5
      size: 550358
    - path: src/plot/solution.py
      hash: md5
      md5: d455e734c49d2f5dfe247889bc45f81c
      size: 666
    outs:
    - path: plot/stretch/neo_hookean_macklin.svg
      hash: md5
      md5: bd9bc06d8d851d58932ed7ff4fb59065
      size: 231808
  plot/solution@stretch-neo_hookean_stable:
    cmd: python src/plot/solution.py --fig plot/stretch/neo_hookean_stable.svg --solution
      data/stretch/neo_hookean_stable.vtu
    deps:
    - path: data/stretch/neo_hookean_stable.vtu
      hash: md5
      md5: 8b25dc71dfe271fa54c5a4655afe125f
      size: 551914
    - path: src/plot/solution.py
      hash: md5
      md5: d455e734c49d2f5dfe247889bc45f81c
      size: 666
    outs:
    - path: plot/stretch/neo_hookean_stable.svg
      hash: md5
      md5: 278ec246fdd2b91e831b3b23cd1b25b4
      size: 253150
  plot/solution@stretch-saint_venant_kirchhoff:
    cmd: python src/plot/solution.py --fig plot/stretch/saint_venant_kirchhoff.svg
      --solution data/stretch/saint_venant_kirchhoff.vtu
    deps:
    - path: data/stretch/saint_venant_kirchhoff.vtu
      hash: md5
      md5: 0f04d13dea3ecc5d2deab1492b7c9ce2
      size: 548997
    - path: src/plot/solution.py
      hash: md5
      md5: d455e734c49d2f5dfe247889bc45f81c
      size: 666
    outs:
    - path: plot/stretch/saint_venant_kirchhoff.svg
      hash: md5
      md5: 5b953c2c2f0b181eb363f486d4f0e235
      size: 259560
  plot/solution@stretch-yeoh:
    cmd: python src/plot/solution.py --fig plot/stretch/yeoh.svg --solution data/stretch/yeoh.vtu
    deps:
    - path: data/stretch/yeoh.vtu
      hash: md5
      md5: b6d92386c50bfd138bb03849874fb7ad
      size: 551472
    - path: src/plot/solution.py
      hash: md5
      md5: d455e734c49d2f5dfe247889bc45f81c
      size: 666
    outs:
    - path: plot/stretch/yeoh.svg
      hash: md5
      md5: 475f35fedb42b41d8503a61241572bda
      size: 228826
  gen@twist:
    cmd: python src/gen.py --deform twist --output data/twist/input.vtu
    deps:
    - path: src/gen.py
      hash: md5
      md5: 12e907d3c9e8f3dfbec1f7c5ac23c7f9
      size: 1753
    outs:
    - path: data/twist/input.vtu
      hash: md5
      md5: de43b37aa1dc50e0557e3a6da07350d2
      size: 320707
  sim@twist-corotated:
    cmd: python src/main.py --input data/twist/input.vtu --model corotated --output
      data/twist/corotated.vtu
    deps:
    - path: data/twist/input.vtu
      hash: md5
      md5: de43b37aa1dc50e0557e3a6da07350d2
      size: 320707
    - path: src/main.py
      hash: md5
      md5: a588a9fb73b5ece0267d810a20bf9e20
      size: 4699
    outs:
    - path: data/twist/corotated.vtu
      hash: md5
      md5: 851814cb5f601d1414998b5cc962da1e
      size: 581857
  sim@twist-linear:
    cmd: python src/main.py --input data/twist/input.vtu --model linear --output data/twist/linear.vtu
    deps:
    - path: data/twist/input.vtu
      hash: md5
      md5: de43b37aa1dc50e0557e3a6da07350d2
      size: 320707
    - path: src/main.py
      hash: md5
      md5: a588a9fb73b5ece0267d810a20bf9e20
      size: 4699
    outs:
    - path: data/twist/linear.vtu
      hash: md5
      md5: bb24a46081b5d18547c37909e97a3638
      size: 563897
  gen@-0.1:
    cmd: python src/gen.py --stretch -0.1 --output data/-0.1/input.vtu
    deps:
    - path: src/gen.py
      hash: md5
      md5: 85d9d946ba20aa054264f7e53532827f
      size: 1081
    outs:
    - path: data/-0.1/input.vtu
      hash: md5
      md5: 52c5f2ebba1ba5d6186c8147bd37535b
      size: 277580
  sim@-0.1-neo_hookean_stable:
    cmd: python src/main.py --input data/-0.1/input.vtu --model neo_hookean_stable
      --output data/-0.1/neo_hookean_stable.vtu
    deps:
    - path: data/-0.1/input.vtu
      hash: md5
      md5: 52c5f2ebba1ba5d6186c8147bd37535b
      size: 277580
    - path: src/main.py
      hash: md5
      md5: a588a9fb73b5ece0267d810a20bf9e20
      size: 4699
    outs:
    - path: data/-0.1/neo_hookean_stable.vtu
      hash: md5
      md5: 35d8eedb6bd6f871939309c984170a55
      size: 490342
  sim@-0.1-linear:
    cmd: python src/main.py --input data/-0.1/input.vtu --model linear --output data/-0.1/linear.vtu
    deps:
    - path: data/-0.1/input.vtu
      hash: md5
      md5: 52c5f2ebba1ba5d6186c8147bd37535b
      size: 277580
    - path: src/main.py
      hash: md5
      md5: a588a9fb73b5ece0267d810a20bf9e20
      size: 4699
    outs:
    - path: data/-0.1/linear.vtu
      hash: md5
      md5: 733138fa48674b20ab658d18335f28a9
      size: 488668
  plot/solution@-0.1-linear:
    cmd: python src/plot/solution.py --camera plot/camera.json --fig plot/-0.1/linear.svg
      --solution data/-0.1/linear.vtu --stretch -0.1
    deps:
    - path: data/-0.1/linear.vtu
      hash: md5
      md5: 733138fa48674b20ab658d18335f28a9
      size: 488668
    - path: plot/camera.json
      hash: md5
      md5: 5058baac7ecbd7e3c91f7d0f0ed0d4db
      size: 246
    - path: src/plot/solution.py
      hash: md5
      md5: 47bc592d33be2bf22b61f9fbb1b97e13
      size: 1646
    outs:
    - path: plot/-0.1/linear.svg
      hash: md5
      md5: a11668f60b282ed9a5d1083e9340d9af
      size: 56790
  gen@0.4:
    cmd: python src/gen.py --stretch 0.4 --output data/0.4/input.vtu
    deps:
    - path: src/gen.py
      hash: md5
      md5: 85d9d946ba20aa054264f7e53532827f
      size: 1081
    outs:
    - path: data/0.4/input.vtu
      hash: md5
      md5: cfa497cb2779c82ea3f43b69f05b1df2
      size: 315216
  sim@0.4-neo_hookean_stable:
    cmd: python src/main.py --input data/0.4/input.vtu --model neo_hookean_stable
      --output data/0.4/neo_hookean_stable.vtu
    deps:
    - path: data/0.4/input.vtu
      hash: md5
      md5: cfa497cb2779c82ea3f43b69f05b1df2
      size: 315216
    - path: src/main.py
      hash: md5
      md5: a588a9fb73b5ece0267d810a20bf9e20
      size: 4699
    outs:
    - path: data/0.4/neo_hookean_stable.vtu
      hash: md5
      md5: 92ddb76250b429f725ee53a9dce1cb50
      size: 554197
  gen@0.2:
    cmd: python src/gen.py --stretch 0.2 --output data/0.2/input.vtu
    deps:
    - path: src/gen.py
      hash: md5
      md5: 85d9d946ba20aa054264f7e53532827f
      size: 1081
    outs:
    - path: data/0.2/input.vtu
      hash: md5
      md5: 5bfdd758e92f76f767946c711afbcbbe
      size: 314151
  sim@0.2-neo_hookean_stable:
    cmd: python src/main.py --input data/0.2/input.vtu --model neo_hookean_stable
      --output data/0.2/neo_hookean_stable.vtu
    deps:
    - path: data/0.2/input.vtu
      hash: md5
      md5: 5bfdd758e92f76f767946c711afbcbbe
      size: 314151
    - path: src/main.py
      hash: md5
      md5: a588a9fb73b5ece0267d810a20bf9e20
      size: 4699
    outs:
    - path: data/0.2/neo_hookean_stable.vtu
      hash: md5
      md5: e27c7ef1b5250d19f3e76023bed774c6
      size: 548785
  plot/solution@0.2-neo_hookean_stable:
    cmd: python src/plot/solution.py --fig plot/0.2/neo_hookean_stable.svg --solution
      data/0.2/neo_hookean_stable.vtu
    deps:
    - path: data/0.2/neo_hookean_stable.vtu
      hash: md5
      md5: e27c7ef1b5250d19f3e76023bed774c6
      size: 548785
    - path: src/plot/solution.py
      hash: md5
      md5: edda73aeb01bb5842a5b572fceba1884
      size: 776
    outs:
    - path: plot/0.2/neo_hookean_stable.svg
      hash: md5
      md5: 0d1d11cd80a24eaf935b37d6fa75bf18
      size: 133215
  gen@-0.2:
    cmd: python src/gen.py --stretch -0.2 --output data/-0.2/input.vtu
    deps:
    - path: src/gen.py
      hash: md5
      md5: 85d9d946ba20aa054264f7e53532827f
      size: 1081
    outs:
    - path: data/-0.2/input.vtu
      hash: md5
      md5: d8d9f22318fde46b22c545cc6e5a2473
      size: 299594
  sim@-0.2-linear:
    cmd: python src/main.py --input data/-0.2/input.vtu --model linear --output data/-0.2/linear.vtu
    deps:
    - path: data/-0.2/input.vtu
      hash: md5
      md5: d8d9f22318fde46b22c545cc6e5a2473
      size: 299594
    - path: src/main.py
      hash: md5
      md5: a588a9fb73b5ece0267d810a20bf9e20
      size: 4699
    outs:
    - path: data/-0.2/linear.vtu
      hash: md5
      md5: 9cbe99c7ca943767ca6637d803ecf3e7
      size: 527646
  gen@0.0:
    cmd: python src/gen.py --stretch 0.0 --output data/0.0/input.vtu
    deps:
    - path: src/gen.py
      hash: md5
      md5: 85d9d946ba20aa054264f7e53532827f
      size: 1081
    outs:
    - path: data/0.0/input.vtu
      hash: md5
      md5: 7b77fe997a5a6b06f7186c351cf8e51a
      size: 286096
  sim@0.0-corotated:
    cmd: python src/main.py --input data/0.0/input.vtu --model corotated --output
      data/0.0/corotated.vtu
    deps:
    - path: data/0.0/input.vtu
      hash: md5
      md5: 7b77fe997a5a6b06f7186c351cf8e51a
      size: 286096
    - path: src/main.py
      hash: md5
      md5: a588a9fb73b5ece0267d810a20bf9e20
      size: 4699
    outs:
    - path: data/0.0/corotated.vtu
      hash: md5
      md5: 1e36f07fc48dcf9d85e72d8a273b58cb
      size: 288942
  sim@-0.1-corotated:
    cmd: python src/main.py --input data/-0.1/input.vtu --model corotated --output
      data/-0.1/corotated.vtu
    deps:
    - path: data/-0.1/input.vtu
      hash: md5
      md5: 52c5f2ebba1ba5d6186c8147bd37535b
      size: 277580
    - path: src/main.py
      hash: md5
      md5: a588a9fb73b5ece0267d810a20bf9e20
      size: 4699
    outs:
    - path: data/-0.1/corotated.vtu
      hash: md5
      md5: 9b1e65672ade014f359b45f39d4489ee
      size: 507910
  plot/solution@-0.1-corotated:
    cmd: python src/plot/solution.py --camera plot/camera.json --fig plot/-0.1/corotated.svg
      --solution data/-0.1/corotated.vtu --stretch -0.1
    deps:
    - path: data/-0.1/corotated.vtu
      hash: md5
      md5: 9b1e65672ade014f359b45f39d4489ee
      size: 507910
    - path: plot/camera.json
      hash: md5
      md5: 5058baac7ecbd7e3c91f7d0f0ed0d4db
      size: 246
    - path: src/plot/solution.py
      hash: md5
      md5: 47bc592d33be2bf22b61f9fbb1b97e13
      size: 1646
    outs:
    - path: plot/-0.1/corotated.svg
      hash: md5
      md5: e46db270d4927ef24cc36cbb7a151fa6
      size: 60960
  gen@0.5:
    cmd: python src/gen.py --stretch 0.5 --output data/0.5/input.vtu
    deps:
    - path: src/gen.py
      hash: md5
      md5: 85d9d946ba20aa054264f7e53532827f
      size: 1081
    outs:
    - path: data/0.5/input.vtu
      hash: md5
      md5: 4eee6c7244ae05f4be70eb045176b640
      size: 325281
  plot/solution@-0.2-linear:
    cmd: python src/plot/solution.py --camera plot/camera.json --fig plot/-0.2/linear.svg
      --solution data/-0.2/linear.vtu
    deps:
    - path: data/-0.2/linear.vtu
      hash: md5
      md5: 9cbe99c7ca943767ca6637d803ecf3e7
      size: 527646
    - path: plot/camera.json
      hash: md5
      md5: 80eca1557386ebc30eb6557de5e5c21f
      size: 246
    - path: src/plot/solution.py
      hash: md5
      md5: e19b55d154e07818feb20c9bff8f695c
      size: 1329
    outs:
    - path: plot/-0.2/linear.svg
      hash: md5
      md5: 79df7be47b63f7a36c33338c2eaeed02
      size: 80949
  sim@-0.2-corotated:
    cmd: python src/main.py --input data/-0.2/input.vtu --model corotated --output
      data/-0.2/corotated.vtu
    deps:
    - path: data/-0.2/input.vtu
      hash: md5
      md5: d8d9f22318fde46b22c545cc6e5a2473
      size: 299594
    - path: src/main.py
      hash: md5
      md5: a588a9fb73b5ece0267d810a20bf9e20
      size: 4699
    outs:
    - path: data/-0.2/corotated.vtu
      hash: md5
      md5: 2c9936b8c23fe29471d4710daf9c4695
      size: 544601
  plot/solution@-0.2-corotated:
    cmd: python src/plot/solution.py --camera plot/camera.json --fig plot/-0.2/corotated.svg
      --solution data/-0.2/corotated.vtu
    deps:
    - path: data/-0.2/corotated.vtu
      hash: md5
      md5: 2c9936b8c23fe29471d4710daf9c4695
      size: 544601
    - path: plot/camera.json
      hash: md5
      md5: 80eca1557386ebc30eb6557de5e5c21f
      size: 246
    - path: src/plot/solution.py
      hash: md5
      md5: e19b55d154e07818feb20c9bff8f695c
      size: 1329
    outs:
    - path: plot/-0.2/corotated.svg
      hash: md5
      md5: 8d6c9cbea9387260ecfb3723491b962c
      size: 96652
  sim@0.0-linear:
    cmd: python src/main.py --input data/0.0/input.vtu --model linear --output data/0.0/linear.vtu
    deps:
    - path: data/0.0/input.vtu
      hash: md5
      md5: 7b77fe997a5a6b06f7186c351cf8e51a
      size: 286096
    - path: src/main.py
      hash: md5
      md5: a588a9fb73b5ece0267d810a20bf9e20
      size: 4699
    outs:
    - path: data/0.0/linear.vtu
      hash: md5
      md5: 2ee41941a0ae315e69078a2e2fd0ab73
      size: 288940
  plot/solution@0.0-linear:
    cmd: python src/plot/solution.py --fig plot/0.0/linear.svg --solution data/0.0/linear.vtu
    deps:
    - path: data/0.0/linear.vtu
      hash: md5
      md5: 2ee41941a0ae315e69078a2e2fd0ab73
      size: 288940
    - path: src/plot/solution.py
      hash: md5
      md5: edda73aeb01bb5842a5b572fceba1884
      size: 776
    outs:
    - path: plot/0.0/linear.svg
      hash: md5
      md5: fa2d81a35e23852138e1c705627257d5
      size: 36339
  gen@0.1:
    cmd: python src/gen.py --stretch 0.1 --output data/0.1/input.vtu
    deps:
    - path: src/gen.py
      hash: md5
      md5: 85d9d946ba20aa054264f7e53532827f
      size: 1081
    outs:
    - path: data/0.1/input.vtu
      hash: md5
      md5: cb07a7e00e09c3e61c2084dc7f6be63d
      size: 292064
  sim@0.1-corotated:
    cmd: python src/main.py --input data/0.1/input.vtu --model corotated --output
      data/0.1/corotated.vtu
    deps:
    - path: data/0.1/input.vtu
      hash: md5
      md5: cb07a7e00e09c3e61c2084dc7f6be63d
      size: 292064
    - path: src/main.py
      hash: md5
      md5: a588a9fb73b5ece0267d810a20bf9e20
      size: 4699
    outs:
    - path: data/0.1/corotated.vtu
      hash: md5
      md5: 02c6944f029fc4a1e84c8666e70492ae
      size: 502357
  sim@0.5-linear:
    cmd: python src/main.py --input data/0.5/input.vtu --model linear --output data/0.5/linear.vtu
    deps:
    - path: data/0.5/input.vtu
      hash: md5
      md5: 4eee6c7244ae05f4be70eb045176b640
      size: 325281
    - path: src/main.py
      hash: md5
      md5: a588a9fb73b5ece0267d810a20bf9e20
      size: 4699
    outs:
    - path: data/0.5/linear.vtu
      hash: md5
      md5: 5583ef7126aa536ad8846dbf359911ef
      size: 566570
  plot/solution@-0.1-neo_hookean_stable:
    cmd: python src/plot/solution.py --camera plot/camera.json --fig plot/-0.1/neo_hookean_stable.svg
      --solution data/-0.1/neo_hookean_stable.vtu --stretch -0.1
    deps:
    - path: data/-0.1/neo_hookean_stable.vtu
      hash: md5
      md5: 35d8eedb6bd6f871939309c984170a55
      size: 490342
    - path: plot/camera.json
      hash: md5
      md5: 5058baac7ecbd7e3c91f7d0f0ed0d4db
      size: 246
    - path: src/plot/solution.py
      hash: md5
      md5: 47bc592d33be2bf22b61f9fbb1b97e13
      size: 1646
    outs:
    - path: plot/-0.1/neo_hookean_stable.svg
      hash: md5
      md5: dc14d74dc4aa96e9d71ade29a03f5e6d
      size: 60116
  plot/solution@0.5-linear:
    cmd: python src/plot/solution.py --camera plot/camera.json --fig plot/0.5/linear.svg
      --solution data/0.5/linear.vtu --stretch 0.5
    deps:
    - path: data/0.5/linear.vtu
      hash: md5
      md5: 5583ef7126aa536ad8846dbf359911ef
      size: 566570
    - path: plot/camera.json
      hash: md5
      md5: 5058baac7ecbd7e3c91f7d0f0ed0d4db
      size: 246
    - path: src/plot/solution.py
      hash: md5
      md5: 47bc592d33be2bf22b61f9fbb1b97e13
      size: 1646
    outs:
    - path: plot/0.5/linear.svg
      hash: md5
      md5: 577aaf61484e9446d76a7bd770da79c7
      size: 102991
  sim@0.5-corotated:
    cmd: python src/main.py --input data/0.5/input.vtu --model corotated --output
      data/0.5/corotated.vtu
    deps:
    - path: data/0.5/input.vtu
      hash: md5
      md5: 4eee6c7244ae05f4be70eb045176b640
      size: 325281
    - path: src/main.py
      hash: md5
      md5: a588a9fb73b5ece0267d810a20bf9e20
      size: 4699
    outs:
    - path: data/0.5/corotated.vtu
      hash: md5
      md5: d77477a29a2c0c6d66fe348ef29e5913
      size: 581761
  gen@0.3:
    cmd: python src/gen.py --stretch 0.3 --output data/0.3/input.vtu
    deps:
    - path: src/gen.py
      hash: md5
      md5: 85d9d946ba20aa054264f7e53532827f
      size: 1081
    outs:
    - path: data/0.3/input.vtu
      hash: md5
      md5: f49cc131d0141e22d25a8a5db1bdfd5b
      size: 325073
  sim@0.3-linear:
    cmd: python src/main.py --input data/0.3/input.vtu --model linear --output data/0.3/linear.vtu
    deps:
    - path: data/0.3/input.vtu
      hash: md5
      md5: f49cc131d0141e22d25a8a5db1bdfd5b
      size: 325073
    - path: src/main.py
      hash: md5
      md5: a588a9fb73b5ece0267d810a20bf9e20
      size: 4699
    outs:
    - path: data/0.3/linear.vtu
      hash: md5
      md5: 349558198c31863f4ecc9cb09ba4bf8b
      size: 570988
  plot/solution@0.3-linear:
    cmd: python src/plot/solution.py --camera plot/camera.json --fig plot/0.3/linear.svg
      --solution data/0.3/linear.vtu --stretch 0.3
    deps:
    - path: data/0.3/linear.vtu
      hash: md5
      md5: 349558198c31863f4ecc9cb09ba4bf8b
      size: 570988
    - path: plot/camera.json
      hash: md5
      md5: 5058baac7ecbd7e3c91f7d0f0ed0d4db
      size: 246
    - path: src/plot/solution.py
      hash: md5
      md5: 47bc592d33be2bf22b61f9fbb1b97e13
      size: 1646
    outs:
    - path: plot/0.3/linear.svg
      hash: md5
      md5: cd970b6e6b6ccaf23d794c12a33d5006
      size: 85411
  sim@0.3-neo_hookean_stable:
    cmd: python src/main.py --input data/0.3/input.vtu --model neo_hookean_stable
      --output data/0.3/neo_hookean_stable.vtu
    deps:
    - path: data/0.3/input.vtu
      hash: md5
      md5: f49cc131d0141e22d25a8a5db1bdfd5b
      size: 325073
    - path: src/main.py
      hash: md5
      md5: a588a9fb73b5ece0267d810a20bf9e20
      size: 4699
    outs:
    - path: data/0.3/neo_hookean_stable.vtu
      hash: md5
      md5: eda76e4a8bb51a34338e08657d921670
      size: 571702
  plot/solution@0.3-neo_hookean_stable:
    cmd: python src/plot/solution.py --camera plot/camera.json --fig plot/0.3/neo_hookean_stable.svg
      --solution data/0.3/neo_hookean_stable.vtu --stretch 0.3
    deps:
    - path: data/0.3/neo_hookean_stable.vtu
      hash: md5
      md5: eda76e4a8bb51a34338e08657d921670
      size: 571702
    - path: plot/camera.json
      hash: md5
      md5: 5058baac7ecbd7e3c91f7d0f0ed0d4db
      size: 246
    - path: src/plot/solution.py
      hash: md5
      md5: 47bc592d33be2bf22b61f9fbb1b97e13
      size: 1646
    outs:
    - path: plot/0.3/neo_hookean_stable.svg
      hash: md5
      md5: 30080e28818822bbea17961244905d2b
      size: 72496
  plot/solution@0.1-corotated:
    cmd: python src/plot/solution.py --camera plot/camera.json --fig plot/0.1/corotated.svg
      --solution data/0.1/corotated.vtu --stretch 0.1
    deps:
    - path: data/0.1/corotated.vtu
      hash: md5
      md5: 02c6944f029fc4a1e84c8666e70492ae
      size: 502357
    - path: plot/camera.json
      hash: md5
      md5: 5058baac7ecbd7e3c91f7d0f0ed0d4db
      size: 246
    - path: src/plot/solution.py
      hash: md5
      md5: 47bc592d33be2bf22b61f9fbb1b97e13
      size: 1646
    outs:
    - path: plot/0.1/corotated.svg
      hash: md5
      md5: e74c30a0fac9869de264215c072ec254
      size: 58862
  sim@0.1-linear:
    cmd: python src/main.py --input data/0.1/input.vtu --model linear --output data/0.1/linear.vtu
    deps:
    - path: data/0.1/input.vtu
      hash: md5
      md5: cb07a7e00e09c3e61c2084dc7f6be63d
      size: 292064
    - path: src/main.py
      hash: md5
      md5: a588a9fb73b5ece0267d810a20bf9e20
      size: 4699
    outs:
    - path: data/0.1/linear.vtu
      hash: md5
      md5: 4163178d31b63fdbca9378411d430937
      size: 513598
  sim@0.5-neo_hookean_stable:
    cmd: python src/main.py --input data/0.5/input.vtu --model neo_hookean_stable
      --output data/0.5/neo_hookean_stable.vtu
    deps:
    - path: data/0.5/input.vtu
      hash: md5
      md5: 4eee6c7244ae05f4be70eb045176b640
      size: 325281
    - path: src/main.py
      hash: md5
      md5: a588a9fb73b5ece0267d810a20bf9e20
      size: 4699
    outs:
    - path: data/0.5/neo_hookean_stable.vtu
      hash: md5
      md5: 415be3ab8641b9e4014fa10a8f550529
      size: 572257
  plot/solution@0.5-neo_hookean_stable:
    cmd: python src/plot/solution.py --camera plot/camera.json --fig plot/0.5/neo_hookean_stable.svg
      --solution data/0.5/neo_hookean_stable.vtu --stretch 0.5
    deps:
    - path: data/0.5/neo_hookean_stable.vtu
      hash: md5
      md5: 415be3ab8641b9e4014fa10a8f550529
      size: 572257
    - path: plot/camera.json
      hash: md5
      md5: 5058baac7ecbd7e3c91f7d0f0ed0d4db
      size: 246
    - path: src/plot/solution.py
      hash: md5
      md5: 47bc592d33be2bf22b61f9fbb1b97e13
      size: 1646
    outs:
    - path: plot/0.5/neo_hookean_stable.svg
      hash: md5
      md5: cf36c45f0272b50769d85e56aecce7f0
      size: 81088
  sim@0.3-corotated:
    cmd: python src/main.py --input data/0.3/input.vtu --model corotated --output
      data/0.3/corotated.vtu
    deps:
    - path: data/0.3/input.vtu
      hash: md5
      md5: f49cc131d0141e22d25a8a5db1bdfd5b
      size: 325073
    - path: src/main.py
      hash: md5
      md5: a588a9fb73b5ece0267d810a20bf9e20
      size: 4699
    outs:
    - path: data/0.3/corotated.vtu
      hash: md5
      md5: e3f4bdf7e0b7f35ee85b1ed5afd5b75b
      size: 555856
  sim@-0.2-neo_hookean_stable:
    cmd: python src/main.py --input data/-0.2/input.vtu --model neo_hookean_stable
      --output data/-0.2/neo_hookean_stable.vtu
    deps:
    - path: data/-0.2/input.vtu
      hash: md5
      md5: d8d9f22318fde46b22c545cc6e5a2473
      size: 299594
    - path: src/main.py
      hash: md5
      md5: a588a9fb73b5ece0267d810a20bf9e20
      size: 4699
    outs:
    - path: data/-0.2/neo_hookean_stable.vtu
      hash: md5
      md5: 7af26a695dbc0221c1e18053818be240
      size: 524585
  plot/solution@-0.2-neo_hookean_stable:
    cmd: python src/plot/solution.py --camera plot/camera.json --fig plot/-0.2/neo_hookean_stable.svg
      --solution data/-0.2/neo_hookean_stable.vtu
    deps:
    - path: data/-0.2/neo_hookean_stable.vtu
      hash: md5
      md5: 7af26a695dbc0221c1e18053818be240
      size: 524585
    - path: plot/camera.json
      hash: md5
      md5: 80eca1557386ebc30eb6557de5e5c21f
      size: 246
    - path: src/plot/solution.py
      hash: md5
      md5: e19b55d154e07818feb20c9bff8f695c
      size: 1329
    outs:
    - path: plot/-0.2/neo_hookean_stable.svg
      hash: md5
      md5: 0a753ad8191deb268303f873f52ecc02
      size: 86026
  plot/solution@0.3-corotated:
    cmd: python src/plot/solution.py --camera plot/camera.json --fig plot/0.3/corotated.svg
      --solution data/0.3/corotated.vtu --stretch 0.3
    deps:
    - path: data/0.3/corotated.vtu
      hash: md5
      md5: e3f4bdf7e0b7f35ee85b1ed5afd5b75b
      size: 555856
    - path: plot/camera.json
      hash: md5
      md5: 5058baac7ecbd7e3c91f7d0f0ed0d4db
      size: 246
    - path: src/plot/solution.py
      hash: md5
      md5: 47bc592d33be2bf22b61f9fbb1b97e13
      size: 1646
    outs:
    - path: plot/0.3/corotated.svg
      hash: md5
      md5: 7e9d5ab3aa72d6808af30db34182da1a
      size: 68320
  plot/solution@0.1-linear:
    cmd: python src/plot/solution.py --camera plot/camera.json --fig plot/0.1/linear.svg
      --solution data/0.1/linear.vtu --stretch 0.1
    deps:
    - path: data/0.1/linear.vtu
      hash: md5
      md5: 4163178d31b63fdbca9378411d430937
      size: 513598
    - path: plot/camera.json
      hash: md5
      md5: 5058baac7ecbd7e3c91f7d0f0ed0d4db
      size: 246
    - path: src/plot/solution.py
      hash: md5
      md5: 47bc592d33be2bf22b61f9fbb1b97e13
      size: 1646
    outs:
    - path: plot/0.1/linear.svg
      hash: md5
      md5: 5770c5b09c7df70bfdc80d0e83b5d008
      size: 65515
  sim@0.1-neo_hookean_stable:
    cmd: python src/main.py --input data/0.1/input.vtu --model neo_hookean_stable
      --output data/0.1/neo_hookean_stable.vtu
    deps:
    - path: data/0.1/input.vtu
      hash: md5
      md5: cb07a7e00e09c3e61c2084dc7f6be63d
      size: 292064
    - path: src/main.py
      hash: md5
      md5: a588a9fb73b5ece0267d810a20bf9e20
      size: 4699
    outs:
    - path: data/0.1/neo_hookean_stable.vtu
      hash: md5
      md5: ae5a829fa5af1e195bcb5a4e0847cf92
      size: 512401
  plot/solution@0.1-neo_hookean_stable:
    cmd: python src/plot/solution.py --camera plot/camera.json --fig plot/0.1/neo_hookean_stable.svg
      --solution data/0.1/neo_hookean_stable.vtu --stretch 0.1
    deps:
    - path: data/0.1/neo_hookean_stable.vtu
      hash: md5
      md5: ae5a829fa5af1e195bcb5a4e0847cf92
      size: 512401
    - path: plot/camera.json
      hash: md5
      md5: 5058baac7ecbd7e3c91f7d0f0ed0d4db
      size: 246
    - path: src/plot/solution.py
      hash: md5
      md5: 47bc592d33be2bf22b61f9fbb1b97e13
      size: 1646
    outs:
    - path: plot/0.1/neo_hookean_stable.svg
      hash: md5
      md5: 7f9430d7acd58f9f7230187769a1f9d9
      size: 61877
  plot/solution@0.5-corotated:
    cmd: python src/plot/solution.py --camera plot/camera.json --fig plot/0.5/corotated.svg
      --solution data/0.5/corotated.vtu --stretch 0.5
    deps:
    - path: data/0.5/corotated.vtu
      hash: md5
      md5: d77477a29a2c0c6d66fe348ef29e5913
      size: 581761
    - path: plot/camera.json
      hash: md5
      md5: 5058baac7ecbd7e3c91f7d0f0ed0d4db
      size: 246
    - path: src/plot/solution.py
      hash: md5
      md5: 47bc592d33be2bf22b61f9fbb1b97e13
      size: 1646
    outs:
    - path: plot/0.5/corotated.svg
      hash: md5
      md5: 86b78f1a529ce41d3b4da415cbb92548
      size: 78023
  plot/camera:
    cmd: python src/plot/camera.py --camera plot/camera.json
    deps:
    - path: data/
      hash: md5
      md5: 36d33999df6f7ad634d84b92413e3714.dir
      size: 9484456
      nfiles: 20
    - path: src/plot/camera.py
      hash: md5
      md5: bb952747b458b5fe86147c644b2f9991
      size: 679
    outs:
    - path: plot/camera.json
      hash: md5
      md5: 5058baac7ecbd7e3c91f7d0f0ed0d4db
      size: 246
  gen@-0.3:
    cmd: python src/gen.py --stretch -0.3 --output data/-0.3/input.vtu
    deps:
    - path: src/gen.py
      hash: md5
      md5: 85d9d946ba20aa054264f7e53532827f
      size: 1081
    outs:
    - path: data/-0.3/input.vtu
      hash: md5
      md5: 7ce1e55d67cf87243c6196c83fc0014b
      size: 287533
  sim@-0.3-corotated:
    cmd: python src/main.py --input data/-0.3/input.vtu --model corotated --output
      data/-0.3/corotated.vtu
    deps:
    - path: data/-0.3/input.vtu
      hash: md5
      md5: 7ce1e55d67cf87243c6196c83fc0014b
      size: 287533
    - path: src/main.py
      hash: md5
      md5: a588a9fb73b5ece0267d810a20bf9e20
      size: 4699
    outs:
    - path: data/-0.3/corotated.vtu
      hash: md5
      md5: 38e8c71714d8ca3af9e49dcbe649a6a2
      size: 527000
  sim@-0.3-linear:
    cmd: python src/main.py --input data/-0.3/input.vtu --model linear --output data/-0.3/linear.vtu
    deps:
    - path: data/-0.3/input.vtu
      hash: md5
      md5: 7ce1e55d67cf87243c6196c83fc0014b
      size: 287533
    - path: src/main.py
      hash: md5
      md5: a588a9fb73b5ece0267d810a20bf9e20
      size: 4699
    outs:
    - path: data/-0.3/linear.vtu
      hash: md5
      md5: bb08341de316d7dab469f3297e9ab485
      size: 508641
  sim@-0.3-neo_hookean_stable:
    cmd: python src/main.py --input data/-0.3/input.vtu --model neo_hookean_stable
      --output data/-0.3/neo_hookean_stable.vtu
    deps:
    - path: data/-0.3/input.vtu
      hash: md5
      md5: 7ce1e55d67cf87243c6196c83fc0014b
      size: 287533
    - path: src/main.py
      hash: md5
      md5: a588a9fb73b5ece0267d810a20bf9e20
      size: 4699
    outs:
    - path: data/-0.3/neo_hookean_stable.vtu
      hash: md5
      md5: 527ec722cf80950321048d886e8e7c71
      size: 506874
  plot/solution@-0.3-linear:
    cmd: python src/plot/solution.py --camera plot/camera.json --fig plot/-0.3/linear.svg
      --solution data/-0.3/linear.vtu --stretch -0.3
    deps:
    - path: data/-0.3/linear.vtu
      hash: md5
      md5: bb08341de316d7dab469f3297e9ab485
      size: 508641
    - path: plot/camera.json
      hash: md5
      md5: 5058baac7ecbd7e3c91f7d0f0ed0d4db
      size: 246
    - path: src/plot/solution.py
      hash: md5
      md5: 47bc592d33be2bf22b61f9fbb1b97e13
      size: 1646
    outs:
    - path: plot/-0.3/linear.svg
      hash: md5
      md5: c69a4eefec695feef49e819a63804498
      size: 58208
  plot/solution@-0.3-neo_hookean_stable:
    cmd: python src/plot/solution.py --camera plot/camera.json --fig plot/-0.3/neo_hookean_stable.svg
      --solution data/-0.3/neo_hookean_stable.vtu --stretch -0.3
    deps:
    - path: data/-0.3/neo_hookean_stable.vtu
      hash: md5
      md5: 527ec722cf80950321048d886e8e7c71
      size: 506874
    - path: plot/camera.json
      hash: md5
      md5: 5058baac7ecbd7e3c91f7d0f0ed0d4db
      size: 246
    - path: src/plot/solution.py
      hash: md5
      md5: 47bc592d33be2bf22b61f9fbb1b97e13
      size: 1646
    outs:
    - path: plot/-0.3/neo_hookean_stable.svg
      hash: md5
      md5: 1dcbab05a49c83f84719971848b6794d
      size: 60905
  plot/solution@-0.3-corotated:
    cmd: python src/plot/solution.py --camera plot/camera.json --fig plot/-0.3/corotated.svg
      --solution data/-0.3/corotated.vtu --stretch -0.3
    deps:
    - path: data/-0.3/corotated.vtu
      hash: md5
      md5: 38e8c71714d8ca3af9e49dcbe649a6a2
      size: 527000
    - path: plot/camera.json
      hash: md5
      md5: 5058baac7ecbd7e3c91f7d0f0ed0d4db
      size: 246
    - path: src/plot/solution.py
      hash: md5
      md5: 47bc592d33be2bf22b61f9fbb1b97e13
      size: 1646
    outs:
    - path: plot/-0.3/corotated.svg
      hash: md5
      md5: 99219c4053134ead8bd8c724a3aea446
      size: 61035
